PODS:
  - Alamofire (5.5.0)
  - ALProgressView (2.0.0)
  - ContentLoader (1.1.1)
  - EmptyDataSet-Swift (5.0.0)
  - EmptyStateKit (1.1.0)
  - HeartButton (1.1.0)
  - IQKeyboardManagerSwift (6.5.9)
  - NVActivityIndicatorView (5.1.1):
    - NVActivityIndicatorView/Base (= 5.1.1)
  - NVActivityIndicatorView/Base (5.1.1)
  - SkyFloatingLabelTextField (3.8.0)
  - SPPermissions/Calendar (7.1.5):
    - SPPermissions/Core
  - SPPermissions/Core (7.1.5)
  - SPPermissions/Health (7.1.5):
    - SPPermissions/Core
  - SPPermissions/LocationAlways (7.1.5):
    - SPPermissions/Core
    - SPPermissions/LocationExtension
  - SPPermissions/LocationExtension (7.1.5)
  - SPPermissions/Notification (7.1.5):
    - SPPermissions/Core
  - SwiftGen (6.5.1)
  - SwiftyBase64 (1.1.1)

DEPENDENCIES:
  - Alamofire (~> 5.4)
  - ALProgressView
  - ContentLoader
  - EmptyDataSet-Swift (~> 5.0.0)
  - EmptyStateKit
  - HeartButton
  - IQKeyboardManagerSwift
  - NVActivityIndicatorView
  - SkyFloatingLabelTextField (~> 3.0)
  - SPPermissions/Calendar
  - SPPermissions/Health
  - SPPermissions/LocationAlways
  - SPPermissions/Notification
  - SwiftGen (~> 6.0)
  - SwiftyBase64 (~> 1.0)

SPEC REPOS:
  trunk:
    - Alamofire
    - ALProgressView
    - ContentLoader
    - EmptyDataSet-Swift
    - EmptyStateKit
    - HeartButton
    - IQKeyboardManagerSwift
    - NVActivityIndicatorView
    - SkyFloatingLabelTextField
    - SPPermissions
    - SwiftGen
    - SwiftyBase64

SPEC CHECKSUMS:
  Alamofire: 1c4fb5369c3fe93d2857c780d8bbe09f06f97e7c
  ALProgressView: 547883405970e932d8f1f12b605aa4f6df08f155
  ContentLoader: b14db4449065be0fd2b8c77b65ff5e4a0a8c7f86
  EmptyDataSet-Swift: eb382c0c87a2d9c678077385a595cec52da38171
  EmptyStateKit: dc41e9ce5c6089f67a49d063bce73ade9f2ba73f
  HeartButton: 0d75e41d05292add5f1490c3a616ad24d7db4990
  IQKeyboardManagerSwift: 6e839c575c4aa1078d58a596e41244e77abe918f
  NVActivityIndicatorView: 1f6c5687f1171810aa27a3296814dc2d7dec3667
  SkyFloatingLabelTextField: 5a338412114808e961fe2d14ea2c5452c8b6e4aa
  SPPermissions: c63ac1132badad39917de03a3c9dc2429ace94be
  SwiftGen: a6d22010845f08fe18fbdf3a07a8e380fd22e0ea
  SwiftyBase64: 8de4de96a08454e742fdda614dff12d2c62ecbe9

PODFILE CHECKSUM: 21076c65b611d47d5175decb2e243e3001c1be12

COCOAPODS: 1.11.2
