// !$*UTF8*$!
{
	archiveVersion = 1;
	classes = {
	};
	objectVersion = 55;
	objects = {

/* Begin PBXBuildFile section */
		3D8EE13525AC8EB75EAE7D0C /* Pods_GoFitApp.framework in Frameworks */ = {isa = PBXBuildFile; fileRef = 73EE8C4645BF1D5F97C83D0F /* Pods_GoFitApp.framework */; };
		E1065D96271F29FE002C575E /* UINavigationController+Extensions.swift in Sources */ = {isa = PBXBuildFile; fileRef = E1065D95271F29FE002C575E /* UINavigationController+Extensions.swift */; };
		E10AA3EE271DB33D0096B032 /* Roboto-MediumItalic.ttf in Resources */ = {isa = PBXBuildFile; fileRef = E10AA3E4271DB33D0096B032 /* Roboto-MediumItalic.ttf */; };
		E10AA3EF271DB33D0096B032 /* Roboto-BoldItalic.ttf in Resources */ = {isa = PBXBuildFile; fileRef = E10AA3E5271DB33D0096B032 /* Roboto-BoldItalic.ttf */; };
		E10AA3F0271DB33D0096B032 /* Roboto-Bold.ttf in Resources */ = {isa = PBXBuildFile; fileRef = E10AA3E6271DB33D0096B032 /* Roboto-Bold.ttf */; };
		E10AA3F1271DB33D0096B032 /* Roboto-BlackItalic.ttf in Resources */ = {isa = PBXBuildFile; fileRef = E10AA3E7271DB33D0096B032 /* Roboto-BlackItalic.ttf */; };
		E10AA3F2271DB33D0096B032 /* Roboto-Medium.ttf in Resources */ = {isa = PBXBuildFile; fileRef = E10AA3E8271DB33D0096B032 /* Roboto-Medium.ttf */; };
		E10AA3F3271DB33D0096B032 /* Roboto-Italic.ttf in Resources */ = {isa = PBXBuildFile; fileRef = E10AA3E9271DB33D0096B032 /* Roboto-Italic.ttf */; };
		E10AA3F4271DB33D0096B032 /* Roboto-Regular.ttf in Resources */ = {isa = PBXBuildFile; fileRef = E10AA3EA271DB33D0096B032 /* Roboto-Regular.ttf */; };
		E10AA3F5271DB33D0096B032 /* Roboto-LightItalic.ttf in Resources */ = {isa = PBXBuildFile; fileRef = E10AA3EB271DB33D0096B032 /* Roboto-LightItalic.ttf */; };
		E10AA3F6271DB33D0096B032 /* Roboto-Black.ttf in Resources */ = {isa = PBXBuildFile; fileRef = E10AA3EC271DB33D0096B032 /* Roboto-Black.ttf */; };
		E10AA3F7271DB33D0096B032 /* Roboto-Thin.ttf in Resources */ = {isa = PBXBuildFile; fileRef = E10AA3ED271DB33D0096B032 /* Roboto-Thin.ttf */; };
		E10AA3FA271DB3450096B032 /* Roboto-ThinItalic.ttf in Resources */ = {isa = PBXBuildFile; fileRef = E10AA3F8271DB3450096B032 /* Roboto-ThinItalic.ttf */; };
		E10AA3FB271DB3450096B032 /* Roboto-Light.ttf in Resources */ = {isa = PBXBuildFile; fileRef = E10AA3F9271DB3450096B032 /* Roboto-Light.ttf */; };
		E10AA3FD271DB42C0096B032 /* SecondaryButton.swift in Sources */ = {isa = PBXBuildFile; fileRef = E10AA3FC271DB42C0096B032 /* SecondaryButton.swift */; };
		E10AA3FF271DB7DF0096B032 /* LoginCoordinator.swift in Sources */ = {isa = PBXBuildFile; fileRef = E10AA3FE271DB7DF0096B032 /* LoginCoordinator.swift */; };
		E10AA401271DB7E80096B032 /* LoginViewModel.swift in Sources */ = {isa = PBXBuildFile; fileRef = E10AA400271DB7E80096B032 /* LoginViewModel.swift */; };
		E10AA403271DB7F30096B032 /* LoginViewController.swift in Sources */ = {isa = PBXBuildFile; fileRef = E10AA402271DB7F30096B032 /* LoginViewController.swift */; };
		E10AA405271DB7FF0096B032 /* LoginViewController.storyboard in Resources */ = {isa = PBXBuildFile; fileRef = E10AA404271DB7FF0096B032 /* LoginViewController.storyboard */; };
		E10E45D7275E7CC30073F2A6 /* NetworkProtocol.swift in Sources */ = {isa = PBXBuildFile; fileRef = E10E45D6275E7CC30073F2A6 /* NetworkProtocol.swift */; };
		E10E45DD275E896A0073F2A6 /* RegistrationControllerTests.swift in Sources */ = {isa = PBXBuildFile; fileRef = E10E45DC275E896A0073F2A6 /* RegistrationControllerTests.swift */; };
		E10E45E0275E99BF0073F2A6 /* LoginViewControllerTests.swift in Sources */ = {isa = PBXBuildFile; fileRef = E10E45DF275E99BE0073F2A6 /* LoginViewControllerTests.swift */; };
		E10E45E2275E9D6B0073F2A6 /* DetailViewControllerTests.swift in Sources */ = {isa = PBXBuildFile; fileRef = E10E45E1275E9D6B0073F2A6 /* DetailViewControllerTests.swift */; };
		E10E45E4275EB28A0073F2A6 /* ActiveMinutesViewControllerTests.swift in Sources */ = {isa = PBXBuildFile; fileRef = E10E45E3275EB28A0073F2A6 /* ActiveMinutesViewControllerTests.swift */; };
		E10E45E6275EB8240073F2A6 /* HomeViewControllerTests.swift in Sources */ = {isa = PBXBuildFile; fileRef = E10E45E5275EB8230073F2A6 /* HomeViewControllerTests.swift */; };
		E10E45EE275EBAC90073F2A6 /* SignUpFlowUITests.swift in Sources */ = {isa = PBXBuildFile; fileRef = E10E45ED275EBAC90073F2A6 /* SignUpFlowUITests.swift */; };
		E112B643271FEFBE00A3BB8F /* UIView+Extensions.swift in Sources */ = {isa = PBXBuildFile; fileRef = E112B642271FEFBE00A3BB8F /* UIView+Extensions.swift */; };
		E11FAABC275771900075F74D /* FirstBioDataResource.swift in Sources */ = {isa = PBXBuildFile; fileRef = E11FAABB275771900075F74D /* FirstBioDataResource.swift */; };
		E11FAAC42757762C0075F74D /* ProfileDetailCoordinator.swift in Sources */ = {isa = PBXBuildFile; fileRef = E11FAAC02757762C0075F74D /* ProfileDetailCoordinator.swift */; };
		E11FAAC52757762C0075F74D /* ProfileDetailViewController.swift in Sources */ = {isa = PBXBuildFile; fileRef = E11FAAC12757762C0075F74D /* ProfileDetailViewController.swift */; };
		E11FAAC62757762C0075F74D /* ProfileDetailViewController.storyboard in Resources */ = {isa = PBXBuildFile; fileRef = E11FAAC22757762C0075F74D /* ProfileDetailViewController.storyboard */; };
		E11FAAC72757762C0075F74D /* ProfileDetailViewModel.swift in Sources */ = {isa = PBXBuildFile; fileRef = E11FAAC32757762C0075F74D /* ProfileDetailViewModel.swift */; };
		E127A7DE2751342300D03DB1 /* DetailsViewController+Picker.swift in Sources */ = {isa = PBXBuildFile; fileRef = E127A7DD2751342300D03DB1 /* DetailsViewController+Picker.swift */; };
		E12E6BA7274FC10A009B211C /* UserResource.swift in Sources */ = {isa = PBXBuildFile; fileRef = E12E6BA6274FC109009B211C /* UserResource.swift */; };
		E12E6BA9274FC5D7009B211C /* AlertManager.swift in Sources */ = {isa = PBXBuildFile; fileRef = E12E6BA8274FC5D7009B211C /* AlertManager.swift */; };
		E12E6BAB274FC872009B211C /* RegistrationManager.swift in Sources */ = {isa = PBXBuildFile; fileRef = E12E6BAA274FC872009B211C /* RegistrationManager.swift */; };
		E12E6BAD274FCBD4009B211C /* NetworkManager+CookieStorage.swift in Sources */ = {isa = PBXBuildFile; fileRef = E12E6BAC274FCBD4009B211C /* NetworkManager+CookieStorage.swift */; };
		E134E93127523D4F00453781 /* BioDataResource.swift in Sources */ = {isa = PBXBuildFile; fileRef = E134E93027523D4F00453781 /* BioDataResource.swift */; };
		E134E934275257DD00453781 /* AuthenticationServices.framework in Frameworks */ = {isa = PBXBuildFile; fileRef = E134E933275257DD00453781 /* AuthenticationServices.framework */; };
		E134E93627525BD900453781 /* CoreDataManager.swift in Sources */ = {isa = PBXBuildFile; fileRef = E134E93527525BD800453781 /* CoreDataManager.swift */; };
		E134E93827525E9900453781 /* UserManager.swift in Sources */ = {isa = PBXBuildFile; fileRef = E134E93727525E9900453781 /* UserManager.swift */; };
		E13B446227206D290062C44B /* SetActiveMinutesViewModel.swift in Sources */ = {isa = PBXBuildFile; fileRef = E13B445E27206D290062C44B /* SetActiveMinutesViewModel.swift */; };
		E13B446327206D290062C44B /* SetActiveMinutesViewController.storyboard in Resources */ = {isa = PBXBuildFile; fileRef = E13B445F27206D290062C44B /* SetActiveMinutesViewController.storyboard */; };
		E13B446427206D290062C44B /* SetActiveMinutesCoordinator.swift in Sources */ = {isa = PBXBuildFile; fileRef = E13B446027206D290062C44B /* SetActiveMinutesCoordinator.swift */; };
		E13B446527206D290062C44B /* SetActiveMinutesViewController.swift in Sources */ = {isa = PBXBuildFile; fileRef = E13B446127206D290062C44B /* SetActiveMinutesViewController.swift */; };
		E13B447A27206DBF0062C44B /* DashboardViewController.swift in Sources */ = {isa = PBXBuildFile; fileRef = E13B447127206DBF0062C44B /* DashboardViewController.swift */; };
		E13B447B27206DBF0062C44B /* DashboardViewModel.swift in Sources */ = {isa = PBXBuildFile; fileRef = E13B447227206DBF0062C44B /* DashboardViewModel.swift */; };
		E13B447C27206DBF0062C44B /* DashboardCoordinator.swift in Sources */ = {isa = PBXBuildFile; fileRef = E13B447327206DBF0062C44B /* DashboardCoordinator.swift */; };
		E13B447D27206DBF0062C44B /* DashboardViewController.storyboard in Resources */ = {isa = PBXBuildFile; fileRef = E13B447427206DBF0062C44B /* DashboardViewController.storyboard */; };
		E13B447E27206DBF0062C44B /* ActivityViewController.swift in Sources */ = {isa = PBXBuildFile; fileRef = E13B447627206DBF0062C44B /* ActivityViewController.swift */; };
		E13B447F27206DBF0062C44B /* ActivityViewController.storyboard in Resources */ = {isa = PBXBuildFile; fileRef = E13B447727206DBF0062C44B /* ActivityViewController.storyboard */; };
		E13B448027206DBF0062C44B /* ActivityViewModel.swift in Sources */ = {isa = PBXBuildFile; fileRef = E13B447827206DBF0062C44B /* ActivityViewModel.swift */; };
		E13B448127206DBF0062C44B /* ActivityCoordinator.swift in Sources */ = {isa = PBXBuildFile; fileRef = E13B447927206DBF0062C44B /* ActivityCoordinator.swift */; };
		E13B449927206DE30062C44B /* ProfileCoordinator.swift in Sources */ = {isa = PBXBuildFile; fileRef = E13B449527206DE30062C44B /* ProfileCoordinator.swift */; };
		E13B449A27206DE30062C44B /* ProfileViewController.storyboard in Resources */ = {isa = PBXBuildFile; fileRef = E13B449627206DE30062C44B /* ProfileViewController.storyboard */; };
		E13B449B27206DE30062C44B /* ProfileViewController.swift in Sources */ = {isa = PBXBuildFile; fileRef = E13B449727206DE30062C44B /* ProfileViewController.swift */; };
		E13B449C27206DE30062C44B /* ProfileViewModel.swift in Sources */ = {isa = PBXBuildFile; fileRef = E13B449827206DE30062C44B /* ProfileViewModel.swift */; };
		E13B449F27206E6C0062C44B /* TabBarCoordinator.swift in Sources */ = {isa = PBXBuildFile; fileRef = E13B449E27206E6C0062C44B /* TabBarCoordinator.swift */; };
		E13B44A1272094950062C44B /* BaseViewController.swift in Sources */ = {isa = PBXBuildFile; fileRef = E13B44A0272094950062C44B /* BaseViewController.swift */; };
		E14FBA19274FB6F6002CB035 /* UITextField+Extensions.swift in Sources */ = {isa = PBXBuildFile; fileRef = E14FBA18274FB6F6002CB035 /* UITextField+Extensions.swift */; };
		E14FBA1B274FB81A002CB035 /* Helpers.swift in Sources */ = {isa = PBXBuildFile; fileRef = E14FBA1A274FB81A002CB035 /* Helpers.swift */; };
		E1515879275380D20045CBCB /* Optional+Extensions.swift in Sources */ = {isa = PBXBuildFile; fileRef = E1515878275380D20045CBCB /* Optional+Extensions.swift */; };
		E162218C275B9A1F00A7A46D /* SignUpRequestModel.swift in Sources */ = {isa = PBXBuildFile; fileRef = E162218B275B9A1F00A7A46D /* SignUpRequestModel.swift */; };
		E1622190275B9C6F00A7A46D /* String+Extensions.swift in Sources */ = {isa = PBXBuildFile; fileRef = E162218F275B9C6F00A7A46D /* String+Extensions.swift */; };
		E1660990271C9F4B0077DF6E /* AppDelegate.swift in Sources */ = {isa = PBXBuildFile; fileRef = E166098F271C9F4B0077DF6E /* AppDelegate.swift */; };
		E166099A271C9F4B0077DF6E /* GoFitApp.xcdatamodeld in Sources */ = {isa = PBXBuildFile; fileRef = E1660998271C9F4B0077DF6E /* GoFitApp.xcdatamodeld */; };
		E166099C271C9F4E0077DF6E /* Assets.xcassets in Resources */ = {isa = PBXBuildFile; fileRef = E166099B271C9F4E0077DF6E /* Assets.xcassets */; };
		E166099F271C9F4E0077DF6E /* LaunchScreen.storyboard in Resources */ = {isa = PBXBuildFile; fileRef = E166099D271C9F4E0077DF6E /* LaunchScreen.storyboard */; };
		E16609AB271C9FBE0077DF6E /* HomeCoordinator.swift in Sources */ = {isa = PBXBuildFile; fileRef = E16609AA271C9FBE0077DF6E /* HomeCoordinator.swift */; };
		E16609AD271C9FCD0077DF6E /* HomeViewController.storyboard in Resources */ = {isa = PBXBuildFile; fileRef = E16609AC271C9FCD0077DF6E /* HomeViewController.storyboard */; };
		E16609AF271C9FDD0077DF6E /* HomeViewController.swift in Sources */ = {isa = PBXBuildFile; fileRef = E16609AE271C9FDD0077DF6E /* HomeViewController.swift */; };
		E16609B1271C9FE70077DF6E /* HomeViewModel.swift in Sources */ = {isa = PBXBuildFile; fileRef = E16609B0271C9FE70077DF6E /* HomeViewModel.swift */; };
		E16609B4271CA0230077DF6E /* AppCoordinator.swift in Sources */ = {isa = PBXBuildFile; fileRef = E16609B3271CA0230077DF6E /* AppCoordinator.swift */; };
		E16609B7271CA0580077DF6E /* Coordinator.swift in Sources */ = {isa = PBXBuildFile; fileRef = E16609B6271CA0580077DF6E /* Coordinator.swift */; };
		E16609BA271CA0A90077DF6E /* DependencyContainer.swift in Sources */ = {isa = PBXBuildFile; fileRef = E16609B9271CA0A90077DF6E /* DependencyContainer.swift */; };
		E16609BD271CA2850077DF6E /* UIViewController+Extensions.swift in Sources */ = {isa = PBXBuildFile; fileRef = E16609BC271CA2850077DF6E /* UIViewController+Extensions.swift */; };
		E16609BF271CA39D0077DF6E /* ViewModelProtocol.swift in Sources */ = {isa = PBXBuildFile; fileRef = E16609BE271CA39D0077DF6E /* ViewModelProtocol.swift */; };
		E16609C2271CA7870077DF6E /* PrimaryButton.swift in Sources */ = {isa = PBXBuildFile; fileRef = E16609C1271CA7860077DF6E /* PrimaryButton.swift */; };
		E17058BE2736DDF700A530A8 /* DashboardViewController+TableDelegate.swift in Sources */ = {isa = PBXBuildFile; fileRef = E17058BD2736DDF700A530A8 /* DashboardViewController+TableDelegate.swift */; };
		E171B3172754107D00DC0BD3 /* UserSportsResource.swift in Sources */ = {isa = PBXBuildFile; fileRef = E171B3162754107D00DC0BD3 /* UserSportsResource.swift */; };
		E177513127552A1400C9917F /* ProfileViewController+TableView.swift in Sources */ = {isa = PBXBuildFile; fileRef = E177513027552A1400C9917F /* ProfileViewController+TableView.swift */; };
		E177513327552B7100C9917F /* LogoutManager.swift in Sources */ = {isa = PBXBuildFile; fileRef = E177513227552B7100C9917F /* LogoutManager.swift */; };
		E17751352755326D00C9917F /* LoginManager.swift in Sources */ = {isa = PBXBuildFile; fileRef = E17751342755326D00C9917F /* LoginManager.swift */; };
		E17751372755402100C9917F /* UserDataResource.swift in Sources */ = {isa = PBXBuildFile; fileRef = E17751362755402100C9917F /* UserDataResource.swift */; };
		E19ABA182753C2FE004E6FDC /* FavouriteSportsCoordinator.swift in Sources */ = {isa = PBXBuildFile; fileRef = E19ABA142753C2FE004E6FDC /* FavouriteSportsCoordinator.swift */; };
		E19ABA192753C2FE004E6FDC /* FavouriteSportsViewModel.swift in Sources */ = {isa = PBXBuildFile; fileRef = E19ABA152753C2FE004E6FDC /* FavouriteSportsViewModel.swift */; };
		E19ABA1A2753C2FE004E6FDC /* FavouriteSportsViewController.storyboard in Resources */ = {isa = PBXBuildFile; fileRef = E19ABA162753C2FE004E6FDC /* FavouriteSportsViewController.storyboard */; };
		E19ABA1B2753C2FE004E6FDC /* FavouriteSportsViewController.swift in Sources */ = {isa = PBXBuildFile; fileRef = E19ABA172753C2FE004E6FDC /* FavouriteSportsViewController.swift */; };
		E19ABA1D2753C3D1004E6FDC /* SportResource.swift in Sources */ = {isa = PBXBuildFile; fileRef = E19ABA1C2753C3D1004E6FDC /* SportResource.swift */; };
		E19ABA1F2753C608004E6FDC /* BaseTableViewController.swift in Sources */ = {isa = PBXBuildFile; fileRef = E19ABA1E2753C608004E6FDC /* BaseTableViewController.swift */; };
		E19ABA212753C7AE004E6FDC /* FavouriteSportsViewController+TableView.swift in Sources */ = {isa = PBXBuildFile; fileRef = E19ABA202753C7AE004E6FDC /* FavouriteSportsViewController+TableView.swift */; };
		E19ABA232753C822004E6FDC /* SportTableViewCell.swift in Sources */ = {isa = PBXBuildFile; fileRef = E19ABA222753C822004E6FDC /* SportTableViewCell.swift */; };
		E19ABA252753C891004E6FDC /* SportCellViewModel.swift in Sources */ = {isa = PBXBuildFile; fileRef = E19ABA242753C891004E6FDC /* SportCellViewModel.swift */; };
		E1BCA2FB275E3C7C00FC67D5 /* SignUpRequestModelTests.swift in Sources */ = {isa = PBXBuildFile; fileRef = E1BCA2F7275E3C7C00FC67D5 /* SignUpRequestModelTests.swift */; };
		E1BCA2FC275E3C7C00FC67D5 /* ValidatorsTests.swift in Sources */ = {isa = PBXBuildFile; fileRef = E1BCA2F8275E3C7C00FC67D5 /* ValidatorsTests.swift */; };
		E1BCA2FE275E3C7C00FC67D5 /* HelpersTests.swift in Sources */ = {isa = PBXBuildFile; fileRef = E1BCA2FA275E3C7C00FC67D5 /* HelpersTests.swift */; };
		E1CB6086275793D500E4F39D /* FavouriteSportsDetailViewController.storyboard in Resources */ = {isa = PBXBuildFile; fileRef = E1CB6082275793D500E4F39D /* FavouriteSportsDetailViewController.storyboard */; };
		E1CB6087275793D500E4F39D /* FavouriteSportsDetailViewController.swift in Sources */ = {isa = PBXBuildFile; fileRef = E1CB6083275793D500E4F39D /* FavouriteSportsDetailViewController.swift */; };
		E1CB6088275793D500E4F39D /* FavouriteSportsDetailCoordinator.swift in Sources */ = {isa = PBXBuildFile; fileRef = E1CB6084275793D500E4F39D /* FavouriteSportsDetailCoordinator.swift */; };
		E1CB6089275793D500E4F39D /* FavouriteSportsDetailViewModel.swift in Sources */ = {isa = PBXBuildFile; fileRef = E1CB6085275793D500E4F39D /* FavouriteSportsDetailViewModel.swift */; };
		E1CFFD5C27521EA500794BAC /* Gender.swift in Sources */ = {isa = PBXBuildFile; fileRef = E1CFFD5B27521EA500794BAC /* Gender.swift */; };
		E1DF2E24274ECB6000741038 /* LoadingView.swift in Sources */ = {isa = PBXBuildFile; fileRef = E1DF2E23274ECB6000741038 /* LoadingView.swift */; };
		E1E41E9E274BF5D9006674E7 /* Assets.swift in Sources */ = {isa = PBXBuildFile; fileRef = E1E41E9C274BF5D9006674E7 /* Assets.swift */; };
		E1E41E9F274BF5D9006674E7 /* Fonts.swift in Sources */ = {isa = PBXBuildFile; fileRef = E1E41E9D274BF5D9006674E7 /* Fonts.swift */; };
		E1E51080274BFE5300C9C266 /* Endpoint.swift in Sources */ = {isa = PBXBuildFile; fileRef = E1E5107F274BFE5300C9C266 /* Endpoint.swift */; };
		E1E51083274BFFEA00C9C266 /* NetworkManager.swift in Sources */ = {isa = PBXBuildFile; fileRef = E1E51082274BFFEA00C9C266 /* NetworkManager.swift */; };
		E1E51085274C00D900C9C266 /* NetworkManager+Requests.swift in Sources */ = {isa = PBXBuildFile; fileRef = E1E51084274C00D900C9C266 /* NetworkManager+Requests.swift */; };
		E1E51087274C014E00C9C266 /* ServerError.swift in Sources */ = {isa = PBXBuildFile; fileRef = E1E51086274C014E00C9C266 /* ServerError.swift */; };
		E1E51089274C020B00C9C266 /* NetworkManager+Interceptor.swift in Sources */ = {isa = PBXBuildFile; fileRef = E1E51088274C020B00C9C266 /* NetworkManager+Interceptor.swift */; };
		E1E5108D274C04F700C9C266 /* UserDefaultsManager.swift in Sources */ = {isa = PBXBuildFile; fileRef = E1E5108C274C04F700C9C266 /* UserDefaultsManager.swift */; };
		E1E5108F274C053E00C9C266 /* Constants.swift in Sources */ = {isa = PBXBuildFile; fileRef = E1E5108E274C053E00C9C266 /* Constants.swift */; };
		E1E51091274C066200C9C266 /* CredentialsManager.swift in Sources */ = {isa = PBXBuildFile; fileRef = E1E51090274C066200C9C266 /* CredentialsManager.swift */; };
		E1E51098274C080500C9C266 /* GoodCache in Frameworks */ = {isa = PBXBuildFile; productRef = E1E51097274C080500C9C266 /* GoodCache */; };
		E1EBC138271DC225009E9939 /* RegistrationCoordinator.swift in Sources */ = {isa = PBXBuildFile; fileRef = E1EBC137271DC225009E9939 /* RegistrationCoordinator.swift */; };
		E1EBC13A271DC27B009E9939 /* RegistrationViewModel.swift in Sources */ = {isa = PBXBuildFile; fileRef = E1EBC139271DC27B009E9939 /* RegistrationViewModel.swift */; };
		E1EBC13C271DC28D009E9939 /* RegistrationViewController.swift in Sources */ = {isa = PBXBuildFile; fileRef = E1EBC13B271DC28D009E9939 /* RegistrationViewController.swift */; };
		E1EBC13E271DC2A0009E9939 /* RegistrationViewController.storyboard in Resources */ = {isa = PBXBuildFile; fileRef = E1EBC13D271DC2A0009E9939 /* RegistrationViewController.storyboard */; };
		E1EBC141271DCE68009E9939 /* DetailsCoordinator.swift in Sources */ = {isa = PBXBuildFile; fileRef = E1EBC140271DCE68009E9939 /* DetailsCoordinator.swift */; };
		E1EBC143271DCEAB009E9939 /* DetailsViewModel.swift in Sources */ = {isa = PBXBuildFile; fileRef = E1EBC142271DCEAB009E9939 /* DetailsViewModel.swift */; };
		E1EBC145271DCEC1009E9939 /* DetailsViewController.swift in Sources */ = {isa = PBXBuildFile; fileRef = E1EBC144271DCEC1009E9939 /* DetailsViewController.swift */; };
		E1EBC147271DCED0009E9939 /* DetailsViewController.storyboard in Resources */ = {isa = PBXBuildFile; fileRef = E1EBC146271DCED0009E9939 /* DetailsViewController.storyboard */; };
		E1FC4752275FEE7000DC9479 /* LoginFlowUITests.swift in Sources */ = {isa = PBXBuildFile; fileRef = E1FC4751275FEE7000DC9479 /* LoginFlowUITests.swift */; };
		E1FC4754275FF0B800DC9479 /* HomeFlowUITests.swift in Sources */ = {isa = PBXBuildFile; fileRef = E1FC4753275FF0B800DC9479 /* HomeFlowUITests.swift */; };
/* End PBXBuildFile section */

/* Begin PBXContainerItemProxy section */
		E10E45F1275EBAC90073F2A6 /* PBXContainerItemProxy */ = {
			isa = PBXContainerItemProxy;
			containerPortal = E1660984271C9F4B0077DF6E /* Project object */;
			proxyType = 1;
			remoteGlobalIDString = E166098B271C9F4B0077DF6E;
			remoteInfo = GoFitApp;
		};
		E1BCA2F2275E3C4000FC67D5 /* PBXContainerItemProxy */ = {
			isa = PBXContainerItemProxy;
			containerPortal = E1660984271C9F4B0077DF6E /* Project object */;
			proxyType = 1;
			remoteGlobalIDString = E166098B271C9F4B0077DF6E;
			remoteInfo = GoFitApp;
		};
/* End PBXContainerItemProxy section */

/* Begin PBXFileReference section */
		144C70A0EB50EE4838C57F0C /* Pods-GoFitApp.release.xcconfig */ = {isa = PBXFileReference; includeInIndex = 1; lastKnownFileType = text.xcconfig; name = "Pods-GoFitApp.release.xcconfig"; path = "Target Support Files/Pods-GoFitApp/Pods-GoFitApp.release.xcconfig"; sourceTree = "<group>"; };
		73EE8C4645BF1D5F97C83D0F /* Pods_GoFitApp.framework */ = {isa = PBXFileReference; explicitFileType = wrapper.framework; includeInIndex = 0; path = Pods_GoFitApp.framework; sourceTree = BUILT_PRODUCTS_DIR; };
		E1065D95271F29FE002C575E /* UINavigationController+Extensions.swift */ = {isa = PBXFileReference; lastKnownFileType = sourcecode.swift; path = "UINavigationController+Extensions.swift"; sourceTree = "<group>"; };
		E10AA3E4271DB33D0096B032 /* Roboto-MediumItalic.ttf */ = {isa = PBXFileReference; lastKnownFileType = file; path = "Roboto-MediumItalic.ttf"; sourceTree = "<group>"; };
		E10AA3E5271DB33D0096B032 /* Roboto-BoldItalic.ttf */ = {isa = PBXFileReference; lastKnownFileType = file; path = "Roboto-BoldItalic.ttf"; sourceTree = "<group>"; };
		E10AA3E6271DB33D0096B032 /* Roboto-Bold.ttf */ = {isa = PBXFileReference; lastKnownFileType = file; path = "Roboto-Bold.ttf"; sourceTree = "<group>"; };
		E10AA3E7271DB33D0096B032 /* Roboto-BlackItalic.ttf */ = {isa = PBXFileReference; lastKnownFileType = file; path = "Roboto-BlackItalic.ttf"; sourceTree = "<group>"; };
		E10AA3E8271DB33D0096B032 /* Roboto-Medium.ttf */ = {isa = PBXFileReference; lastKnownFileType = file; path = "Roboto-Medium.ttf"; sourceTree = "<group>"; };
		E10AA3E9271DB33D0096B032 /* Roboto-Italic.ttf */ = {isa = PBXFileReference; lastKnownFileType = file; path = "Roboto-Italic.ttf"; sourceTree = "<group>"; };
		E10AA3EA271DB33D0096B032 /* Roboto-Regular.ttf */ = {isa = PBXFileReference; lastKnownFileType = file; path = "Roboto-Regular.ttf"; sourceTree = "<group>"; };
		E10AA3EB271DB33D0096B032 /* Roboto-LightItalic.ttf */ = {isa = PBXFileReference; lastKnownFileType = file; path = "Roboto-LightItalic.ttf"; sourceTree = "<group>"; };
		E10AA3EC271DB33D0096B032 /* Roboto-Black.ttf */ = {isa = PBXFileReference; lastKnownFileType = file; path = "Roboto-Black.ttf"; sourceTree = "<group>"; };
		E10AA3ED271DB33D0096B032 /* Roboto-Thin.ttf */ = {isa = PBXFileReference; lastKnownFileType = file; path = "Roboto-Thin.ttf"; sourceTree = "<group>"; };
		E10AA3F8271DB3450096B032 /* Roboto-ThinItalic.ttf */ = {isa = PBXFileReference; lastKnownFileType = file; path = "Roboto-ThinItalic.ttf"; sourceTree = "<group>"; };
		E10AA3F9271DB3450096B032 /* Roboto-Light.ttf */ = {isa = PBXFileReference; lastKnownFileType = file; path = "Roboto-Light.ttf"; sourceTree = "<group>"; };
		E10AA3FC271DB42C0096B032 /* SecondaryButton.swift */ = {isa = PBXFileReference; lastKnownFileType = sourcecode.swift; path = SecondaryButton.swift; sourceTree = "<group>"; };
		E10AA3FE271DB7DF0096B032 /* LoginCoordinator.swift */ = {isa = PBXFileReference; lastKnownFileType = sourcecode.swift; path = LoginCoordinator.swift; sourceTree = "<group>"; };
		E10AA400271DB7E80096B032 /* LoginViewModel.swift */ = {isa = PBXFileReference; lastKnownFileType = sourcecode.swift; path = LoginViewModel.swift; sourceTree = "<group>"; };
		E10AA402271DB7F30096B032 /* LoginViewController.swift */ = {isa = PBXFileReference; lastKnownFileType = sourcecode.swift; path = LoginViewController.swift; sourceTree = "<group>"; };
		E10AA404271DB7FF0096B032 /* LoginViewController.storyboard */ = {isa = PBXFileReference; lastKnownFileType = file.storyboard; path = LoginViewController.storyboard; sourceTree = "<group>"; };
		E10E45D6275E7CC30073F2A6 /* NetworkProtocol.swift */ = {isa = PBXFileReference; lastKnownFileType = sourcecode.swift; path = NetworkProtocol.swift; sourceTree = "<group>"; };
		E10E45DC275E896A0073F2A6 /* RegistrationControllerTests.swift */ = {isa = PBXFileReference; lastKnownFileType = sourcecode.swift; path = RegistrationControllerTests.swift; sourceTree = "<group>"; };
		E10E45DF275E99BE0073F2A6 /* LoginViewControllerTests.swift */ = {isa = PBXFileReference; lastKnownFileType = sourcecode.swift; path = LoginViewControllerTests.swift; sourceTree = "<group>"; };
		E10E45E1275E9D6B0073F2A6 /* DetailViewControllerTests.swift */ = {isa = PBXFileReference; lastKnownFileType = sourcecode.swift; path = DetailViewControllerTests.swift; sourceTree = "<group>"; };
		E10E45E3275EB28A0073F2A6 /* ActiveMinutesViewControllerTests.swift */ = {isa = PBXFileReference; lastKnownFileType = sourcecode.swift; path = ActiveMinutesViewControllerTests.swift; sourceTree = "<group>"; };
		E10E45E5275EB8230073F2A6 /* HomeViewControllerTests.swift */ = {isa = PBXFileReference; lastKnownFileType = sourcecode.swift; path = HomeViewControllerTests.swift; sourceTree = "<group>"; };
		E10E45EB275EBAC80073F2A6 /* GoFitAppUITests.xctest */ = {isa = PBXFileReference; explicitFileType = wrapper.cfbundle; includeInIndex = 0; path = GoFitAppUITests.xctest; sourceTree = BUILT_PRODUCTS_DIR; };
		E10E45ED275EBAC90073F2A6 /* SignUpFlowUITests.swift */ = {isa = PBXFileReference; lastKnownFileType = sourcecode.swift; path = SignUpFlowUITests.swift; sourceTree = "<group>"; };
		E112B642271FEFBE00A3BB8F /* UIView+Extensions.swift */ = {isa = PBXFileReference; lastKnownFileType = sourcecode.swift; path = "UIView+Extensions.swift"; sourceTree = "<group>"; };
		E11FAABB275771900075F74D /* FirstBioDataResource.swift */ = {isa = PBXFileReference; lastKnownFileType = sourcecode.swift; path = FirstBioDataResource.swift; sourceTree = "<group>"; };
		E11FAAC02757762C0075F74D /* ProfileDetailCoordinator.swift */ = {isa = PBXFileReference; fileEncoding = 4; lastKnownFileType = sourcecode.swift; path = ProfileDetailCoordinator.swift; sourceTree = "<group>"; };
		E11FAAC12757762C0075F74D /* ProfileDetailViewController.swift */ = {isa = PBXFileReference; fileEncoding = 4; lastKnownFileType = sourcecode.swift; path = ProfileDetailViewController.swift; sourceTree = "<group>"; };
		E11FAAC22757762C0075F74D /* ProfileDetailViewController.storyboard */ = {isa = PBXFileReference; fileEncoding = 4; lastKnownFileType = file.storyboard; path = ProfileDetailViewController.storyboard; sourceTree = "<group>"; };
		E11FAAC32757762C0075F74D /* ProfileDetailViewModel.swift */ = {isa = PBXFileReference; fileEncoding = 4; lastKnownFileType = sourcecode.swift; path = ProfileDetailViewModel.swift; sourceTree = "<group>"; };
		E127A7DD2751342300D03DB1 /* DetailsViewController+Picker.swift */ = {isa = PBXFileReference; lastKnownFileType = sourcecode.swift; path = "DetailsViewController+Picker.swift"; sourceTree = "<group>"; };
		E12E6BA6274FC109009B211C /* UserResource.swift */ = {isa = PBXFileReference; lastKnownFileType = sourcecode.swift; path = UserResource.swift; sourceTree = "<group>"; };
		E12E6BA8274FC5D7009B211C /* AlertManager.swift */ = {isa = PBXFileReference; lastKnownFileType = sourcecode.swift; path = AlertManager.swift; sourceTree = "<group>"; };
		E12E6BAA274FC872009B211C /* RegistrationManager.swift */ = {isa = PBXFileReference; lastKnownFileType = sourcecode.swift; path = RegistrationManager.swift; sourceTree = "<group>"; };
		E12E6BAC274FCBD4009B211C /* NetworkManager+CookieStorage.swift */ = {isa = PBXFileReference; lastKnownFileType = sourcecode.swift; path = "NetworkManager+CookieStorage.swift"; sourceTree = "<group>"; };
		E134E93027523D4F00453781 /* BioDataResource.swift */ = {isa = PBXFileReference; lastKnownFileType = sourcecode.swift; path = BioDataResource.swift; sourceTree = "<group>"; };
		E134E932275257DC00453781 /* GoFitApp.entitlements */ = {isa = PBXFileReference; lastKnownFileType = text.plist.entitlements; path = GoFitApp.entitlements; sourceTree = "<group>"; };
		E134E933275257DD00453781 /* AuthenticationServices.framework */ = {isa = PBXFileReference; lastKnownFileType = wrapper.framework; name = AuthenticationServices.framework; path = System/Library/Frameworks/AuthenticationServices.framework; sourceTree = SDKROOT; };
		E134E93527525BD800453781 /* CoreDataManager.swift */ = {isa = PBXFileReference; lastKnownFileType = sourcecode.swift; path = CoreDataManager.swift; sourceTree = "<group>"; };
		E134E93727525E9900453781 /* UserManager.swift */ = {isa = PBXFileReference; lastKnownFileType = sourcecode.swift; path = UserManager.swift; sourceTree = "<group>"; };
		E13B445E27206D290062C44B /* SetActiveMinutesViewModel.swift */ = {isa = PBXFileReference; fileEncoding = 4; lastKnownFileType = sourcecode.swift; path = SetActiveMinutesViewModel.swift; sourceTree = "<group>"; };
		E13B445F27206D290062C44B /* SetActiveMinutesViewController.storyboard */ = {isa = PBXFileReference; fileEncoding = 4; lastKnownFileType = file.storyboard; path = SetActiveMinutesViewController.storyboard; sourceTree = "<group>"; };
		E13B446027206D290062C44B /* SetActiveMinutesCoordinator.swift */ = {isa = PBXFileReference; fileEncoding = 4; lastKnownFileType = sourcecode.swift; path = SetActiveMinutesCoordinator.swift; sourceTree = "<group>"; };
		E13B446127206D290062C44B /* SetActiveMinutesViewController.swift */ = {isa = PBXFileReference; fileEncoding = 4; lastKnownFileType = sourcecode.swift; path = SetActiveMinutesViewController.swift; sourceTree = "<group>"; };
		E13B447127206DBF0062C44B /* DashboardViewController.swift */ = {isa = PBXFileReference; fileEncoding = 4; lastKnownFileType = sourcecode.swift; path = DashboardViewController.swift; sourceTree = "<group>"; };
		E13B447227206DBF0062C44B /* DashboardViewModel.swift */ = {isa = PBXFileReference; fileEncoding = 4; lastKnownFileType = sourcecode.swift; path = DashboardViewModel.swift; sourceTree = "<group>"; };
		E13B447327206DBF0062C44B /* DashboardCoordinator.swift */ = {isa = PBXFileReference; fileEncoding = 4; lastKnownFileType = sourcecode.swift; path = DashboardCoordinator.swift; sourceTree = "<group>"; };
		E13B447427206DBF0062C44B /* DashboardViewController.storyboard */ = {isa = PBXFileReference; fileEncoding = 4; lastKnownFileType = file.storyboard; path = DashboardViewController.storyboard; sourceTree = "<group>"; };
		E13B447627206DBF0062C44B /* ActivityViewController.swift */ = {isa = PBXFileReference; fileEncoding = 4; lastKnownFileType = sourcecode.swift; path = ActivityViewController.swift; sourceTree = "<group>"; };
		E13B447727206DBF0062C44B /* ActivityViewController.storyboard */ = {isa = PBXFileReference; fileEncoding = 4; lastKnownFileType = file.storyboard; path = ActivityViewController.storyboard; sourceTree = "<group>"; };
		E13B447827206DBF0062C44B /* ActivityViewModel.swift */ = {isa = PBXFileReference; fileEncoding = 4; lastKnownFileType = sourcecode.swift; path = ActivityViewModel.swift; sourceTree = "<group>"; };
		E13B447927206DBF0062C44B /* ActivityCoordinator.swift */ = {isa = PBXFileReference; fileEncoding = 4; lastKnownFileType = sourcecode.swift; path = ActivityCoordinator.swift; sourceTree = "<group>"; };
		E13B449527206DE30062C44B /* ProfileCoordinator.swift */ = {isa = PBXFileReference; fileEncoding = 4; lastKnownFileType = sourcecode.swift; path = ProfileCoordinator.swift; sourceTree = "<group>"; };
		E13B449627206DE30062C44B /* ProfileViewController.storyboard */ = {isa = PBXFileReference; fileEncoding = 4; lastKnownFileType = file.storyboard; path = ProfileViewController.storyboard; sourceTree = "<group>"; };
		E13B449727206DE30062C44B /* ProfileViewController.swift */ = {isa = PBXFileReference; fileEncoding = 4; lastKnownFileType = sourcecode.swift; path = ProfileViewController.swift; sourceTree = "<group>"; };
		E13B449827206DE30062C44B /* ProfileViewModel.swift */ = {isa = PBXFileReference; fileEncoding = 4; lastKnownFileType = sourcecode.swift; path = ProfileViewModel.swift; sourceTree = "<group>"; };
		E13B449E27206E6C0062C44B /* TabBarCoordinator.swift */ = {isa = PBXFileReference; lastKnownFileType = sourcecode.swift; path = TabBarCoordinator.swift; sourceTree = "<group>"; };
		E13B44A0272094950062C44B /* BaseViewController.swift */ = {isa = PBXFileReference; lastKnownFileType = sourcecode.swift; path = BaseViewController.swift; sourceTree = "<group>"; };
		E14FBA18274FB6F6002CB035 /* UITextField+Extensions.swift */ = {isa = PBXFileReference; lastKnownFileType = sourcecode.swift; path = "UITextField+Extensions.swift"; sourceTree = "<group>"; };
		E14FBA1A274FB81A002CB035 /* Helpers.swift */ = {isa = PBXFileReference; lastKnownFileType = sourcecode.swift; path = Helpers.swift; sourceTree = "<group>"; };
		E1515878275380D20045CBCB /* Optional+Extensions.swift */ = {isa = PBXFileReference; lastKnownFileType = sourcecode.swift; path = "Optional+Extensions.swift"; sourceTree = "<group>"; };
		E162218B275B9A1F00A7A46D /* SignUpRequestModel.swift */ = {isa = PBXFileReference; lastKnownFileType = sourcecode.swift; path = SignUpRequestModel.swift; sourceTree = "<group>"; };
		E162218F275B9C6F00A7A46D /* String+Extensions.swift */ = {isa = PBXFileReference; lastKnownFileType = sourcecode.swift; path = "String+Extensions.swift"; sourceTree = "<group>"; };
		E166098C271C9F4B0077DF6E /* GoFitApp.app */ = {isa = PBXFileReference; explicitFileType = wrapper.application; includeInIndex = 0; path = GoFitApp.app; sourceTree = BUILT_PRODUCTS_DIR; };
		E166098F271C9F4B0077DF6E /* AppDelegate.swift */ = {isa = PBXFileReference; lastKnownFileType = sourcecode.swift; path = AppDelegate.swift; sourceTree = "<group>"; };
		E1660999271C9F4B0077DF6E /* GoFitApp.xcdatamodel */ = {isa = PBXFileReference; lastKnownFileType = wrapper.xcdatamodel; path = GoFitApp.xcdatamodel; sourceTree = "<group>"; };
		E166099B271C9F4E0077DF6E /* Assets.xcassets */ = {isa = PBXFileReference; lastKnownFileType = folder.assetcatalog; path = Assets.xcassets; sourceTree = "<group>"; };
		E166099E271C9F4E0077DF6E /* Base */ = {isa = PBXFileReference; lastKnownFileType = file.storyboard; name = Base; path = Base.lproj/LaunchScreen.storyboard; sourceTree = "<group>"; };
		E16609A0271C9F4E0077DF6E /* Info.plist */ = {isa = PBXFileReference; lastKnownFileType = text.plist.xml; path = Info.plist; sourceTree = "<group>"; };
		E16609AA271C9FBE0077DF6E /* HomeCoordinator.swift */ = {isa = PBXFileReference; lastKnownFileType = sourcecode.swift; path = HomeCoordinator.swift; sourceTree = "<group>"; };
		E16609AC271C9FCD0077DF6E /* HomeViewController.storyboard */ = {isa = PBXFileReference; lastKnownFileType = file.storyboard; path = HomeViewController.storyboard; sourceTree = "<group>"; };
		E16609AE271C9FDD0077DF6E /* HomeViewController.swift */ = {isa = PBXFileReference; lastKnownFileType = sourcecode.swift; path = HomeViewController.swift; sourceTree = "<group>"; };
		E16609B0271C9FE70077DF6E /* HomeViewModel.swift */ = {isa = PBXFileReference; lastKnownFileType = sourcecode.swift; path = HomeViewModel.swift; sourceTree = "<group>"; };
		E16609B3271CA0230077DF6E /* AppCoordinator.swift */ = {isa = PBXFileReference; lastKnownFileType = sourcecode.swift; path = AppCoordinator.swift; sourceTree = "<group>"; };
		E16609B6271CA0580077DF6E /* Coordinator.swift */ = {isa = PBXFileReference; lastKnownFileType = sourcecode.swift; path = Coordinator.swift; sourceTree = "<group>"; };
		E16609B9271CA0A90077DF6E /* DependencyContainer.swift */ = {isa = PBXFileReference; lastKnownFileType = sourcecode.swift; path = DependencyContainer.swift; sourceTree = "<group>"; };
		E16609BC271CA2850077DF6E /* UIViewController+Extensions.swift */ = {isa = PBXFileReference; lastKnownFileType = sourcecode.swift; path = "UIViewController+Extensions.swift"; sourceTree = "<group>"; };
		E16609BE271CA39D0077DF6E /* ViewModelProtocol.swift */ = {isa = PBXFileReference; lastKnownFileType = sourcecode.swift; path = ViewModelProtocol.swift; sourceTree = "<group>"; };
		E16609C1271CA7860077DF6E /* PrimaryButton.swift */ = {isa = PBXFileReference; lastKnownFileType = sourcecode.swift; path = PrimaryButton.swift; sourceTree = "<group>"; };
		E17058BD2736DDF700A530A8 /* DashboardViewController+TableDelegate.swift */ = {isa = PBXFileReference; lastKnownFileType = sourcecode.swift; path = "DashboardViewController+TableDelegate.swift"; sourceTree = "<group>"; };
		E171B3162754107D00DC0BD3 /* UserSportsResource.swift */ = {isa = PBXFileReference; lastKnownFileType = sourcecode.swift; path = UserSportsResource.swift; sourceTree = "<group>"; };
		E177513027552A1400C9917F /* ProfileViewController+TableView.swift */ = {isa = PBXFileReference; lastKnownFileType = sourcecode.swift; path = "ProfileViewController+TableView.swift"; sourceTree = "<group>"; };
		E177513227552B7100C9917F /* LogoutManager.swift */ = {isa = PBXFileReference; lastKnownFileType = sourcecode.swift; path = LogoutManager.swift; sourceTree = "<group>"; };
		E17751342755326D00C9917F /* LoginManager.swift */ = {isa = PBXFileReference; lastKnownFileType = sourcecode.swift; path = LoginManager.swift; sourceTree = "<group>"; };
		E17751362755402100C9917F /* UserDataResource.swift */ = {isa = PBXFileReference; lastKnownFileType = sourcecode.swift; path = UserDataResource.swift; sourceTree = "<group>"; };
		E19ABA142753C2FE004E6FDC /* FavouriteSportsCoordinator.swift */ = {isa = PBXFileReference; fileEncoding = 4; lastKnownFileType = sourcecode.swift; path = FavouriteSportsCoordinator.swift; sourceTree = "<group>"; };
		E19ABA152753C2FE004E6FDC /* FavouriteSportsViewModel.swift */ = {isa = PBXFileReference; fileEncoding = 4; lastKnownFileType = sourcecode.swift; path = FavouriteSportsViewModel.swift; sourceTree = "<group>"; };
		E19ABA162753C2FE004E6FDC /* FavouriteSportsViewController.storyboard */ = {isa = PBXFileReference; fileEncoding = 4; lastKnownFileType = file.storyboard; path = FavouriteSportsViewController.storyboard; sourceTree = "<group>"; };
		E19ABA172753C2FE004E6FDC /* FavouriteSportsViewController.swift */ = {isa = PBXFileReference; fileEncoding = 4; lastKnownFileType = sourcecode.swift; path = FavouriteSportsViewController.swift; sourceTree = "<group>"; };
		E19ABA1C2753C3D1004E6FDC /* SportResource.swift */ = {isa = PBXFileReference; lastKnownFileType = sourcecode.swift; path = SportResource.swift; sourceTree = "<group>"; };
		E19ABA1E2753C608004E6FDC /* BaseTableViewController.swift */ = {isa = PBXFileReference; lastKnownFileType = sourcecode.swift; path = BaseTableViewController.swift; sourceTree = "<group>"; };
		E19ABA202753C7AE004E6FDC /* FavouriteSportsViewController+TableView.swift */ = {isa = PBXFileReference; lastKnownFileType = sourcecode.swift; path = "FavouriteSportsViewController+TableView.swift"; sourceTree = "<group>"; };
		E19ABA222753C822004E6FDC /* SportTableViewCell.swift */ = {isa = PBXFileReference; lastKnownFileType = sourcecode.swift; path = SportTableViewCell.swift; sourceTree = "<group>"; };
		E19ABA242753C891004E6FDC /* SportCellViewModel.swift */ = {isa = PBXFileReference; lastKnownFileType = sourcecode.swift; path = SportCellViewModel.swift; sourceTree = "<group>"; };
		E1ABEC1A2760DEC200AC1420 /* GoFitApp-UITestPlan.xctestplan */ = {isa = PBXFileReference; lastKnownFileType = text; path = "GoFitApp-UITestPlan.xctestplan"; sourceTree = "<group>"; };
		E1ABEC1B2760DF9E00AC1420 /* GoFitApp-UnitTestsPlan.xctestplan */ = {isa = PBXFileReference; lastKnownFileType = text; path = "GoFitApp-UnitTestsPlan.xctestplan"; sourceTree = "<group>"; };
		E1ABEC1C2760DFD200AC1420 /* GoFitApp-MainTestApp.xctestplan */ = {isa = PBXFileReference; lastKnownFileType = text; path = "GoFitApp-MainTestApp.xctestplan"; sourceTree = "<group>"; };
		E1BCA2EE275E3C4000FC67D5 /* GoFitAppTests.xctest */ = {isa = PBXFileReference; explicitFileType = wrapper.cfbundle; includeInIndex = 0; path = GoFitAppTests.xctest; sourceTree = BUILT_PRODUCTS_DIR; };
		E1BCA2F7275E3C7C00FC67D5 /* SignUpRequestModelTests.swift */ = {isa = PBXFileReference; fileEncoding = 4; lastKnownFileType = sourcecode.swift; path = SignUpRequestModelTests.swift; sourceTree = "<group>"; };
		E1BCA2F8275E3C7C00FC67D5 /* ValidatorsTests.swift */ = {isa = PBXFileReference; fileEncoding = 4; lastKnownFileType = sourcecode.swift; path = ValidatorsTests.swift; sourceTree = "<group>"; };
		E1BCA2FA275E3C7C00FC67D5 /* HelpersTests.swift */ = {isa = PBXFileReference; fileEncoding = 4; lastKnownFileType = sourcecode.swift; path = HelpersTests.swift; sourceTree = "<group>"; };
		E1CB6082275793D500E4F39D /* FavouriteSportsDetailViewController.storyboard */ = {isa = PBXFileReference; fileEncoding = 4; lastKnownFileType = file.storyboard; path = FavouriteSportsDetailViewController.storyboard; sourceTree = "<group>"; };
		E1CB6083275793D500E4F39D /* FavouriteSportsDetailViewController.swift */ = {isa = PBXFileReference; fileEncoding = 4; lastKnownFileType = sourcecode.swift; path = FavouriteSportsDetailViewController.swift; sourceTree = "<group>"; };
		E1CB6084275793D500E4F39D /* FavouriteSportsDetailCoordinator.swift */ = {isa = PBXFileReference; fileEncoding = 4; lastKnownFileType = sourcecode.swift; path = FavouriteSportsDetailCoordinator.swift; sourceTree = "<group>"; };
		E1CB6085275793D500E4F39D /* FavouriteSportsDetailViewModel.swift */ = {isa = PBXFileReference; fileEncoding = 4; lastKnownFileType = sourcecode.swift; path = FavouriteSportsDetailViewModel.swift; sourceTree = "<group>"; };
		E1CFFD5B27521EA500794BAC /* Gender.swift */ = {isa = PBXFileReference; lastKnownFileType = sourcecode.swift; path = Gender.swift; sourceTree = "<group>"; };
		E1DF2E23274ECB6000741038 /* LoadingView.swift */ = {isa = PBXFileReference; lastKnownFileType = sourcecode.swift; path = LoadingView.swift; sourceTree = "<group>"; };
		E1E41E9C274BF5D9006674E7 /* Assets.swift */ = {isa = PBXFileReference; fileEncoding = 4; lastKnownFileType = sourcecode.swift; path = Assets.swift; sourceTree = "<group>"; };
		E1E41E9D274BF5D9006674E7 /* Fonts.swift */ = {isa = PBXFileReference; fileEncoding = 4; lastKnownFileType = sourcecode.swift; path = Fonts.swift; sourceTree = "<group>"; };
		E1E5107F274BFE5300C9C266 /* Endpoint.swift */ = {isa = PBXFileReference; lastKnownFileType = sourcecode.swift; path = Endpoint.swift; sourceTree = "<group>"; };
		E1E51082274BFFEA00C9C266 /* NetworkManager.swift */ = {isa = PBXFileReference; lastKnownFileType = sourcecode.swift; path = NetworkManager.swift; sourceTree = "<group>"; };
		E1E51084274C00D900C9C266 /* NetworkManager+Requests.swift */ = {isa = PBXFileReference; lastKnownFileType = sourcecode.swift; path = "NetworkManager+Requests.swift"; sourceTree = "<group>"; };
		E1E51086274C014E00C9C266 /* ServerError.swift */ = {isa = PBXFileReference; lastKnownFileType = sourcecode.swift; path = ServerError.swift; sourceTree = "<group>"; };
		E1E51088274C020B00C9C266 /* NetworkManager+Interceptor.swift */ = {isa = PBXFileReference; lastKnownFileType = sourcecode.swift; path = "NetworkManager+Interceptor.swift"; sourceTree = "<group>"; };
		E1E5108C274C04F700C9C266 /* UserDefaultsManager.swift */ = {isa = PBXFileReference; lastKnownFileType = sourcecode.swift; path = UserDefaultsManager.swift; sourceTree = "<group>"; };
		E1E5108E274C053E00C9C266 /* Constants.swift */ = {isa = PBXFileReference; lastKnownFileType = sourcecode.swift; path = Constants.swift; sourceTree = "<group>"; };
		E1E51090274C066200C9C266 /* CredentialsManager.swift */ = {isa = PBXFileReference; lastKnownFileType = sourcecode.swift; path = CredentialsManager.swift; sourceTree = "<group>"; };
		E1EBC137271DC225009E9939 /* RegistrationCoordinator.swift */ = {isa = PBXFileReference; lastKnownFileType = sourcecode.swift; path = RegistrationCoordinator.swift; sourceTree = "<group>"; };
		E1EBC139271DC27B009E9939 /* RegistrationViewModel.swift */ = {isa = PBXFileReference; lastKnownFileType = sourcecode.swift; path = RegistrationViewModel.swift; sourceTree = "<group>"; };
		E1EBC13B271DC28D009E9939 /* RegistrationViewController.swift */ = {isa = PBXFileReference; lastKnownFileType = sourcecode.swift; path = RegistrationViewController.swift; sourceTree = "<group>"; };
		E1EBC13D271DC2A0009E9939 /* RegistrationViewController.storyboard */ = {isa = PBXFileReference; lastKnownFileType = file.storyboard; path = RegistrationViewController.storyboard; sourceTree = "<group>"; };
		E1EBC140271DCE68009E9939 /* DetailsCoordinator.swift */ = {isa = PBXFileReference; lastKnownFileType = sourcecode.swift; path = DetailsCoordinator.swift; sourceTree = "<group>"; };
		E1EBC142271DCEAB009E9939 /* DetailsViewModel.swift */ = {isa = PBXFileReference; lastKnownFileType = sourcecode.swift; path = DetailsViewModel.swift; sourceTree = "<group>"; };
		E1EBC144271DCEC1009E9939 /* DetailsViewController.swift */ = {isa = PBXFileReference; lastKnownFileType = sourcecode.swift; path = DetailsViewController.swift; sourceTree = "<group>"; };
		E1EBC146271DCED0009E9939 /* DetailsViewController.storyboard */ = {isa = PBXFileReference; lastKnownFileType = file.storyboard; path = DetailsViewController.storyboard; sourceTree = "<group>"; };
		E1FC4751275FEE7000DC9479 /* LoginFlowUITests.swift */ = {isa = PBXFileReference; lastKnownFileType = sourcecode.swift; path = LoginFlowUITests.swift; sourceTree = "<group>"; };
		E1FC4753275FF0B800DC9479 /* HomeFlowUITests.swift */ = {isa = PBXFileReference; lastKnownFileType = sourcecode.swift; path = HomeFlowUITests.swift; sourceTree = "<group>"; };
		F2B419583325E29242541084 /* Pods-GoFitApp.debug.xcconfig */ = {isa = PBXFileReference; includeInIndex = 1; lastKnownFileType = text.xcconfig; name = "Pods-GoFitApp.debug.xcconfig"; path = "Target Support Files/Pods-GoFitApp/Pods-GoFitApp.debug.xcconfig"; sourceTree = "<group>"; };
/* End PBXFileReference section */

/* Begin PBXFrameworksBuildPhase section */
		E10E45E8275EBAC80073F2A6 /* Frameworks */ = {
			isa = PBXFrameworksBuildPhase;
			buildActionMask = 2147483647;
			files = (
			);
			runOnlyForDeploymentPostprocessing = 0;
		};
		E1660989271C9F4B0077DF6E /* Frameworks */ = {
			isa = PBXFrameworksBuildPhase;
			buildActionMask = 2147483647;
			files = (
				E134E934275257DD00453781 /* AuthenticationServices.framework in Frameworks */,
				E1E51098274C080500C9C266 /* GoodCache in Frameworks */,
				3D8EE13525AC8EB75EAE7D0C /* Pods_GoFitApp.framework in Frameworks */,
			);
			runOnlyForDeploymentPostprocessing = 0;
		};
		E1BCA2EB275E3C4000FC67D5 /* Frameworks */ = {
			isa = PBXFrameworksBuildPhase;
			buildActionMask = 2147483647;
			files = (
			);
			runOnlyForDeploymentPostprocessing = 0;
		};
/* End PBXFrameworksBuildPhase section */

/* Begin PBXGroup section */
		775E6C8804BA24CF37A9EA78 /* Pods */ = {
			isa = PBXGroup;
			children = (
				F2B419583325E29242541084 /* Pods-GoFitApp.debug.xcconfig */,
				144C70A0EB50EE4838C57F0C /* Pods-GoFitApp.release.xcconfig */,
			);
			path = Pods;
			sourceTree = "<group>";
		};
		B7B973D4E6DB9A51C1EC28A3 /* Frameworks */ = {
			isa = PBXGroup;
			children = (
				E134E933275257DD00453781 /* AuthenticationServices.framework */,
				73EE8C4645BF1D5F97C83D0F /* Pods_GoFitApp.framework */,
			);
			name = Frameworks;
			sourceTree = "<group>";
		};
		E10AA3E3271DB3270096B032 /* Font */ = {
			isa = PBXGroup;
			children = (
				E10AA3EC271DB33D0096B032 /* Roboto-Black.ttf */,
				E10AA3E7271DB33D0096B032 /* Roboto-BlackItalic.ttf */,
				E10AA3E6271DB33D0096B032 /* Roboto-Bold.ttf */,
				E10AA3E5271DB33D0096B032 /* Roboto-BoldItalic.ttf */,
				E10AA3F9271DB3450096B032 /* Roboto-Light.ttf */,
				E10AA3F8271DB3450096B032 /* Roboto-ThinItalic.ttf */,
				E10AA3E9271DB33D0096B032 /* Roboto-Italic.ttf */,
				E10AA3EB271DB33D0096B032 /* Roboto-LightItalic.ttf */,
				E10AA3E8271DB33D0096B032 /* Roboto-Medium.ttf */,
				E10AA3E4271DB33D0096B032 /* Roboto-MediumItalic.ttf */,
				E10AA3EA271DB33D0096B032 /* Roboto-Regular.ttf */,
				E10AA3ED271DB33D0096B032 /* Roboto-Thin.ttf */,
			);
			path = Font;
			sourceTree = "<group>";
		};
		E10E45D8275E83890073F2A6 /* RegistrationManager */ = {
			isa = PBXGroup;
			children = (
				E1BCA2F7275E3C7C00FC67D5 /* SignUpRequestModelTests.swift */,
			);
			path = RegistrationManager;
			sourceTree = "<group>";
		};
		E10E45D9275E83AB0073F2A6 /* Static */ = {
			isa = PBXGroup;
			children = (
				E1BCA2FA275E3C7C00FC67D5 /* HelpersTests.swift */,
				E1BCA2F8275E3C7C00FC67D5 /* ValidatorsTests.swift */,
			);
			path = Static;
			sourceTree = "<group>";
		};
		E10E45DA275E89480073F2A6 /* Controllers */ = {
			isa = PBXGroup;
			children = (
				E10E45DF275E99BE0073F2A6 /* LoginViewControllerTests.swift */,
				E10E45DC275E896A0073F2A6 /* RegistrationControllerTests.swift */,
				E10E45E1275E9D6B0073F2A6 /* DetailViewControllerTests.swift */,
				E10E45E3275EB28A0073F2A6 /* ActiveMinutesViewControllerTests.swift */,
				E10E45E5275EB8230073F2A6 /* HomeViewControllerTests.swift */,
			);
			path = Controllers;
			sourceTree = "<group>";
		};
		E10E45EC275EBAC90073F2A6 /* GoFitAppUITests */ = {
			isa = PBXGroup;
			children = (
				E1ABEC1A2760DEC200AC1420 /* GoFitApp-UITestPlan.xctestplan */,
				E10E45ED275EBAC90073F2A6 /* SignUpFlowUITests.swift */,
				E1FC4753275FF0B800DC9479 /* HomeFlowUITests.swift */,
				E1FC4751275FEE7000DC9479 /* LoginFlowUITests.swift */,
			);
			path = GoFitAppUITests;
			sourceTree = "<group>";
		};
		E11FAABF2757762C0075F74D /* ProfileDetail */ = {
			isa = PBXGroup;
			children = (
				E11FAAC02757762C0075F74D /* ProfileDetailCoordinator.swift */,
				E11FAAC12757762C0075F74D /* ProfileDetailViewController.swift */,
				E11FAAC22757762C0075F74D /* ProfileDetailViewController.storyboard */,
				E11FAAC32757762C0075F74D /* ProfileDetailViewModel.swift */,
			);
			path = ProfileDetail;
			sourceTree = "<group>";
		};
		E13B445D27206D290062C44B /* SetActiveMinutes */ = {
			isa = PBXGroup;
			children = (
				E13B446027206D290062C44B /* SetActiveMinutesCoordinator.swift */,
				E13B445E27206D290062C44B /* SetActiveMinutesViewModel.swift */,
				E13B446127206D290062C44B /* SetActiveMinutesViewController.swift */,
				E13B445F27206D290062C44B /* SetActiveMinutesViewController.storyboard */,
			);
			path = SetActiveMinutes;
			sourceTree = "<group>";
		};
		E13B447027206DBF0062C44B /* Dashboard */ = {
			isa = PBXGroup;
			children = (
				E13B447127206DBF0062C44B /* DashboardViewController.swift */,
				E13B447227206DBF0062C44B /* DashboardViewModel.swift */,
				E13B447327206DBF0062C44B /* DashboardCoordinator.swift */,
				E13B447427206DBF0062C44B /* DashboardViewController.storyboard */,
				E17058BD2736DDF700A530A8 /* DashboardViewController+TableDelegate.swift */,
			);
			path = Dashboard;
			sourceTree = "<group>";
		};
		E13B447527206DBF0062C44B /* Activity */ = {
			isa = PBXGroup;
			children = (
				E13B447627206DBF0062C44B /* ActivityViewController.swift */,
				E13B447727206DBF0062C44B /* ActivityViewController.storyboard */,
				E13B447827206DBF0062C44B /* ActivityViewModel.swift */,
				E13B447927206DBF0062C44B /* ActivityCoordinator.swift */,
			);
			path = Activity;
			sourceTree = "<group>";
		};
		E13B449427206DE30062C44B /* Profile */ = {
			isa = PBXGroup;
			children = (
				E1CB6081275793D500E4F39D /* FavouriteSportsDetail */,
				E11FAABF2757762C0075F74D /* ProfileDetail */,
				E13B449527206DE30062C44B /* ProfileCoordinator.swift */,
				E13B449827206DE30062C44B /* ProfileViewModel.swift */,
				E13B449727206DE30062C44B /* ProfileViewController.swift */,
				E13B449627206DE30062C44B /* ProfileViewController.storyboard */,
				E177513027552A1400C9917F /* ProfileViewController+TableView.swift */,
			);
			path = Profile;
			sourceTree = "<group>";
		};
		E13B449D27206E1E0062C44B /* Tabbar modules */ = {
			isa = PBXGroup;
			children = (
				E13B447027206DBF0062C44B /* Dashboard */,
				E13B447527206DBF0062C44B /* Activity */,
				E13B449427206DE30062C44B /* Profile */,
				E13B449E27206E6C0062C44B /* TabBarCoordinator.swift */,
			);
			path = "Tabbar modules";
			sourceTree = "<group>";
		};
		E15C5C5F2753D56600B20C2A /* Cell */ = {
			isa = PBXGroup;
			children = (
				E19ABA242753C891004E6FDC /* SportCellViewModel.swift */,
				E19ABA222753C822004E6FDC /* SportTableViewCell.swift */,
			);
			path = Cell;
			sourceTree = "<group>";
		};
		E162218A275B9A1000A7A46D /* Models */ = {
			isa = PBXGroup;
			children = (
				E162218B275B9A1F00A7A46D /* SignUpRequestModel.swift */,
			);
			path = Models;
			sourceTree = "<group>";
		};
		E1660983271C9F4B0077DF6E = {
			isa = PBXGroup;
			children = (
				E1ABEC1C2760DFD200AC1420 /* GoFitApp-MainTestApp.xctestplan */,
				E166098E271C9F4B0077DF6E /* GoFitApp */,
				E1BCA2EF275E3C4000FC67D5 /* GoFitAppTests */,
				E10E45EC275EBAC90073F2A6 /* GoFitAppUITests */,
				E166098D271C9F4B0077DF6E /* Products */,
				775E6C8804BA24CF37A9EA78 /* Pods */,
				B7B973D4E6DB9A51C1EC28A3 /* Frameworks */,
			);
			sourceTree = "<group>";
		};
		E166098D271C9F4B0077DF6E /* Products */ = {
			isa = PBXGroup;
			children = (
				E166098C271C9F4B0077DF6E /* GoFitApp.app */,
				E1BCA2EE275E3C4000FC67D5 /* GoFitAppTests.xctest */,
				E10E45EB275EBAC80073F2A6 /* GoFitAppUITests.xctest */,
			);
			name = Products;
			sourceTree = "<group>";
		};
		E166098E271C9F4B0077DF6E /* GoFitApp */ = {
			isa = PBXGroup;
			children = (
				E134E932275257DC00453781 /* GoFitApp.entitlements */,
				E1E51081274BFEF500C9C266 /* Static */,
				E1E41E9B274BF5D9006674E7 /* SwiftGen */,
				E10AA3E3271DB3270096B032 /* Font */,
				E16609C0271CA75F0077DF6E /* Designs */,
				E16609BB271CA2720077DF6E /* Extensions */,
				E16609B8271CA09A0077DF6E /* Managers */,
				E16609B5271CA0410077DF6E /* Protocols */,
				E16609B2271CA0040077DF6E /* Application */,
				E16609A6271C9F880077DF6E /* Modules */,
				E166099B271C9F4E0077DF6E /* Assets.xcassets */,
				E166099D271C9F4E0077DF6E /* LaunchScreen.storyboard */,
				E16609A0271C9F4E0077DF6E /* Info.plist */,
				E1660998271C9F4B0077DF6E /* GoFitApp.xcdatamodeld */,
			);
			path = GoFitApp;
			sourceTree = "<group>";
		};
		E16609A6271C9F880077DF6E /* Modules */ = {
			isa = PBXGroup;
			children = (
				E13B449D27206E1E0062C44B /* Tabbar modules */,
				E19ABA132753C2FE004E6FDC /* FavouriteSports */,
				E13B445D27206D290062C44B /* SetActiveMinutes */,
				E1EBC13F271DCE40009E9939 /* Details */,
				E16609A9271C9FA90077DF6E /* Login */,
				E16609A8271C9FA00077DF6E /* Registration */,
				E16609A7271C9F960077DF6E /* Home */,
			);
			path = Modules;
			sourceTree = "<group>";
		};
		E16609A7271C9F960077DF6E /* Home */ = {
			isa = PBXGroup;
			children = (
				E16609AA271C9FBE0077DF6E /* HomeCoordinator.swift */,
				E16609B0271C9FE70077DF6E /* HomeViewModel.swift */,
				E16609AE271C9FDD0077DF6E /* HomeViewController.swift */,
				E16609AC271C9FCD0077DF6E /* HomeViewController.storyboard */,
			);
			path = Home;
			sourceTree = "<group>";
		};
		E16609A8271C9FA00077DF6E /* Registration */ = {
			isa = PBXGroup;
			children = (
				E1EBC137271DC225009E9939 /* RegistrationCoordinator.swift */,
				E1EBC139271DC27B009E9939 /* RegistrationViewModel.swift */,
				E1EBC13B271DC28D009E9939 /* RegistrationViewController.swift */,
				E1EBC13D271DC2A0009E9939 /* RegistrationViewController.storyboard */,
			);
			path = Registration;
			sourceTree = "<group>";
		};
		E16609A9271C9FA90077DF6E /* Login */ = {
			isa = PBXGroup;
			children = (
				E10AA3FE271DB7DF0096B032 /* LoginCoordinator.swift */,
				E10AA400271DB7E80096B032 /* LoginViewModel.swift */,
				E10AA402271DB7F30096B032 /* LoginViewController.swift */,
				E10AA404271DB7FF0096B032 /* LoginViewController.storyboard */,
			);
			path = Login;
			sourceTree = "<group>";
		};
		E16609B2271CA0040077DF6E /* Application */ = {
			isa = PBXGroup;
			children = (
				E166098F271C9F4B0077DF6E /* AppDelegate.swift */,
				E16609B3271CA0230077DF6E /* AppCoordinator.swift */,
			);
			path = Application;
			sourceTree = "<group>";
		};
		E16609B5271CA0410077DF6E /* Protocols */ = {
			isa = PBXGroup;
			children = (
				E16609B6271CA0580077DF6E /* Coordinator.swift */,
				E16609BE271CA39D0077DF6E /* ViewModelProtocol.swift */,
				E10E45D6275E7CC30073F2A6 /* NetworkProtocol.swift */,
			);
			path = Protocols;
			sourceTree = "<group>";
		};
		E16609B8271CA09A0077DF6E /* Managers */ = {
			isa = PBXGroup;
			children = (
				E1E51092274C066A00C9C266 /* NetworkManager */,
				E16609B9271CA0A90077DF6E /* DependencyContainer.swift */,
				E1E5108C274C04F700C9C266 /* UserDefaultsManager.swift */,
				E1E51090274C066200C9C266 /* CredentialsManager.swift */,
				E12E6BA8274FC5D7009B211C /* AlertManager.swift */,
				E12E6BAA274FC872009B211C /* RegistrationManager.swift */,
				E134E93527525BD800453781 /* CoreDataManager.swift */,
				E134E93727525E9900453781 /* UserManager.swift */,
				E177513227552B7100C9917F /* LogoutManager.swift */,
				E17751342755326D00C9917F /* LoginManager.swift */,
			);
			path = Managers;
			sourceTree = "<group>";
		};
		E16609BB271CA2720077DF6E /* Extensions */ = {
			isa = PBXGroup;
			children = (
				E16609BC271CA2850077DF6E /* UIViewController+Extensions.swift */,
				E1065D95271F29FE002C575E /* UINavigationController+Extensions.swift */,
				E112B642271FEFBE00A3BB8F /* UIView+Extensions.swift */,
				E14FBA18274FB6F6002CB035 /* UITextField+Extensions.swift */,
				E1515878275380D20045CBCB /* Optional+Extensions.swift */,
				E13B44A0272094950062C44B /* BaseViewController.swift */,
				E19ABA1E2753C608004E6FDC /* BaseTableViewController.swift */,
				E162218F275B9C6F00A7A46D /* String+Extensions.swift */,
			);
			path = Extensions;
			sourceTree = "<group>";
		};
		E16609C0271CA75F0077DF6E /* Designs */ = {
			isa = PBXGroup;
			children = (
				E16609C1271CA7860077DF6E /* PrimaryButton.swift */,
				E10AA3FC271DB42C0096B032 /* SecondaryButton.swift */,
				E1DF2E23274ECB6000741038 /* LoadingView.swift */,
			);
			path = Designs;
			sourceTree = "<group>";
		};
		E19ABA132753C2FE004E6FDC /* FavouriteSports */ = {
			isa = PBXGroup;
			children = (
				E15C5C5F2753D56600B20C2A /* Cell */,
				E19ABA142753C2FE004E6FDC /* FavouriteSportsCoordinator.swift */,
				E19ABA152753C2FE004E6FDC /* FavouriteSportsViewModel.swift */,
				E19ABA172753C2FE004E6FDC /* FavouriteSportsViewController.swift */,
				E19ABA202753C7AE004E6FDC /* FavouriteSportsViewController+TableView.swift */,
				E19ABA162753C2FE004E6FDC /* FavouriteSportsViewController.storyboard */,
			);
			path = FavouriteSports;
			sourceTree = "<group>";
		};
		E1BCA2EF275E3C4000FC67D5 /* GoFitAppTests */ = {
			isa = PBXGroup;
			children = (
				E1ABEC1B2760DF9E00AC1420 /* GoFitApp-UnitTestsPlan.xctestplan */,
				E10E45DA275E89480073F2A6 /* Controllers */,
				E10E45D9275E83AB0073F2A6 /* Static */,
				E10E45D8275E83890073F2A6 /* RegistrationManager */,
			);
			path = GoFitAppTests;
			sourceTree = "<group>";
		};
		E1CB6081275793D500E4F39D /* FavouriteSportsDetail */ = {
			isa = PBXGroup;
			children = (
				E1CB6082275793D500E4F39D /* FavouriteSportsDetailViewController.storyboard */,
				E1CB6083275793D500E4F39D /* FavouriteSportsDetailViewController.swift */,
				E1CB6084275793D500E4F39D /* FavouriteSportsDetailCoordinator.swift */,
				E1CB6085275793D500E4F39D /* FavouriteSportsDetailViewModel.swift */,
			);
			path = FavouriteSportsDetail;
			sourceTree = "<group>";
		};
		E1E41E9B274BF5D9006674E7 /* SwiftGen */ = {
			isa = PBXGroup;
			children = (
				E1E41E9C274BF5D9006674E7 /* Assets.swift */,
				E1E41E9D274BF5D9006674E7 /* Fonts.swift */,
			);
			path = SwiftGen;
			sourceTree = "<group>";
		};
		E1E51081274BFEF500C9C266 /* Static */ = {
			isa = PBXGroup;
			children = (
				E162218A275B9A1000A7A46D /* Models */,
				E1E51093274C06C300C9C266 /* Codables */,
				E1E5107F274BFE5300C9C266 /* Endpoint.swift */,
				E1E5108E274C053E00C9C266 /* Constants.swift */,
				E14FBA1A274FB81A002CB035 /* Helpers.swift */,
			);
			path = Static;
			sourceTree = "<group>";
		};
		E1E51092274C066A00C9C266 /* NetworkManager */ = {
			isa = PBXGroup;
			children = (
				E1E51082274BFFEA00C9C266 /* NetworkManager.swift */,
				E1E51084274C00D900C9C266 /* NetworkManager+Requests.swift */,
				E1E51088274C020B00C9C266 /* NetworkManager+Interceptor.swift */,
				E12E6BAC274FCBD4009B211C /* NetworkManager+CookieStorage.swift */,
			);
			path = NetworkManager;
			sourceTree = "<group>";
		};
		E1E51093274C06C300C9C266 /* Codables */ = {
			isa = PBXGroup;
			children = (
				E1E51086274C014E00C9C266 /* ServerError.swift */,
				E12E6BA6274FC109009B211C /* UserResource.swift */,
				E1CFFD5B27521EA500794BAC /* Gender.swift */,
				E134E93027523D4F00453781 /* BioDataResource.swift */,
				E19ABA1C2753C3D1004E6FDC /* SportResource.swift */,
				E171B3162754107D00DC0BD3 /* UserSportsResource.swift */,
				E17751362755402100C9917F /* UserDataResource.swift */,
				E11FAABB275771900075F74D /* FirstBioDataResource.swift */,
			);
			path = Codables;
			sourceTree = "<group>";
		};
		E1EBC13F271DCE40009E9939 /* Details */ = {
			isa = PBXGroup;
			children = (
				E1EBC140271DCE68009E9939 /* DetailsCoordinator.swift */,
				E1EBC142271DCEAB009E9939 /* DetailsViewModel.swift */,
				E1EBC144271DCEC1009E9939 /* DetailsViewController.swift */,
				E1EBC146271DCED0009E9939 /* DetailsViewController.storyboard */,
				E127A7DD2751342300D03DB1 /* DetailsViewController+Picker.swift */,
			);
			path = Details;
			sourceTree = "<group>";
		};
/* End PBXGroup section */

/* Begin PBXNativeTarget section */
		E10E45EA275EBAC80073F2A6 /* GoFitAppUITests */ = {
			isa = PBXNativeTarget;
			buildConfigurationList = E10E45F3275EBAC90073F2A6 /* Build configuration list for PBXNativeTarget "GoFitAppUITests" */;
			buildPhases = (
				E10E45E7275EBAC80073F2A6 /* Sources */,
				E10E45E8275EBAC80073F2A6 /* Frameworks */,
				E10E45E9275EBAC80073F2A6 /* Resources */,
			);
			buildRules = (
			);
			dependencies = (
				E10E45F2275EBAC90073F2A6 /* PBXTargetDependency */,
			);
			name = GoFitAppUITests;
			productName = GoFitAppUITests;
			productReference = E10E45EB275EBAC80073F2A6 /* GoFitAppUITests.xctest */;
			productType = "com.apple.product-type.bundle.ui-testing";
		};
		E166098B271C9F4B0077DF6E /* GoFitApp */ = {
			isa = PBXNativeTarget;
			buildConfigurationList = E16609A3271C9F4E0077DF6E /* Build configuration list for PBXNativeTarget "GoFitApp" */;
			buildPhases = (
				0F0E9F537EE4FAE6E4AF4031 /* [CP] Check Pods Manifest.lock */,
				E1660988271C9F4B0077DF6E /* Sources */,
				E1660989271C9F4B0077DF6E /* Frameworks */,
				E166098A271C9F4B0077DF6E /* Resources */,
				1BB529385384BEB7E3602FDF /* [CP] Embed Pods Frameworks */,
			);
			buildRules = (
			);
			dependencies = (
			);
			name = GoFitApp;
			packageProductDependencies = (
				E1E51097274C080500C9C266 /* GoodCache */,
			);
			productName = GoFitApp;
			productReference = E166098C271C9F4B0077DF6E /* GoFitApp.app */;
			productType = "com.apple.product-type.application";
		};
		E1BCA2ED275E3C4000FC67D5 /* GoFitAppTests */ = {
			isa = PBXNativeTarget;
			buildConfigurationList = E1BCA2F6275E3C4000FC67D5 /* Build configuration list for PBXNativeTarget "GoFitAppTests" */;
			buildPhases = (
				E1BCA2EA275E3C4000FC67D5 /* Sources */,
				E1BCA2EB275E3C4000FC67D5 /* Frameworks */,
				E1BCA2EC275E3C4000FC67D5 /* Resources */,
			);
			buildRules = (
			);
			dependencies = (
				E1BCA2F3275E3C4000FC67D5 /* PBXTargetDependency */,
			);
			name = GoFitAppTests;
			productName = GoFitAppTests;
			productReference = E1BCA2EE275E3C4000FC67D5 /* GoFitAppTests.xctest */;
			productType = "com.apple.product-type.bundle.unit-test";
		};
/* End PBXNativeTarget section */

/* Begin PBXProject section */
		E1660984271C9F4B0077DF6E /* Project object */ = {
			isa = PBXProject;
			attributes = {
				BuildIndependentTargetsInParallel = 1;
				LastSwiftUpdateCheck = 1310;
				LastUpgradeCheck = 1300;
				TargetAttributes = {
					E10E45EA275EBAC80073F2A6 = {
						CreatedOnToolsVersion = 13.1;
						TestTargetID = E166098B271C9F4B0077DF6E;
					};
					E166098B271C9F4B0077DF6E = {
						CreatedOnToolsVersion = 13.0;
					};
					E1BCA2ED275E3C4000FC67D5 = {
						CreatedOnToolsVersion = 13.1;
						LastSwiftMigration = 1310;
						TestTargetID = E166098B271C9F4B0077DF6E;
					};
				};
			};
			buildConfigurationList = E1660987271C9F4B0077DF6E /* Build configuration list for PBXProject "GoFitApp" */;
			compatibilityVersion = "Xcode 13.0";
			developmentRegion = en;
			hasScannedForEncodings = 0;
			knownRegions = (
				en,
				Base,
			);
			mainGroup = E1660983271C9F4B0077DF6E;
			packageReferences = (
				E1E51096274C080400C9C266 /* XCRemoteSwiftPackageReference "GoodIOSExtensions" */,
			);
			productRefGroup = E166098D271C9F4B0077DF6E /* Products */;
			projectDirPath = "";
			projectRoot = "";
			targets = (
				E166098B271C9F4B0077DF6E /* GoFitApp */,
				E1BCA2ED275E3C4000FC67D5 /* GoFitAppTests */,
				E10E45EA275EBAC80073F2A6 /* GoFitAppUITests */,
			);
		};
/* End PBXProject section */

/* Begin PBXResourcesBuildPhase section */
		E10E45E9275EBAC80073F2A6 /* Resources */ = {
			isa = PBXResourcesBuildPhase;
			buildActionMask = 2147483647;
			files = (
			);
			runOnlyForDeploymentPostprocessing = 0;
		};
		E166098A271C9F4B0077DF6E /* Resources */ = {
			isa = PBXResourcesBuildPhase;
			buildActionMask = 2147483647;
			files = (
				E1EBC147271DCED0009E9939 /* DetailsViewController.storyboard in Resources */,
				E10AA3F2271DB33D0096B032 /* Roboto-Medium.ttf in Resources */,
				E10AA3F5271DB33D0096B032 /* Roboto-LightItalic.ttf in Resources */,
				E1EBC13E271DC2A0009E9939 /* RegistrationViewController.storyboard in Resources */,
				E10AA3FB271DB3450096B032 /* Roboto-Light.ttf in Resources */,
				E19ABA1A2753C2FE004E6FDC /* FavouriteSportsViewController.storyboard in Resources */,
				E10AA3F3271DB33D0096B032 /* Roboto-Italic.ttf in Resources */,
				E10AA3F4271DB33D0096B032 /* Roboto-Regular.ttf in Resources */,
				E10AA3EE271DB33D0096B032 /* Roboto-MediumItalic.ttf in Resources */,
				E13B446327206D290062C44B /* SetActiveMinutesViewController.storyboard in Resources */,
				E16609AD271C9FCD0077DF6E /* HomeViewController.storyboard in Resources */,
				E13B449A27206DE30062C44B /* ProfileViewController.storyboard in Resources */,
				E10AA3F0271DB33D0096B032 /* Roboto-Bold.ttf in Resources */,
				E10AA3F1271DB33D0096B032 /* Roboto-BlackItalic.ttf in Resources */,
				E166099F271C9F4E0077DF6E /* LaunchScreen.storyboard in Resources */,
				E10AA3EF271DB33D0096B032 /* Roboto-BoldItalic.ttf in Resources */,
				E10AA3FA271DB3450096B032 /* Roboto-ThinItalic.ttf in Resources */,
				E13B447F27206DBF0062C44B /* ActivityViewController.storyboard in Resources */,
				E1CB6086275793D500E4F39D /* FavouriteSportsDetailViewController.storyboard in Resources */,
				E13B447D27206DBF0062C44B /* DashboardViewController.storyboard in Resources */,
				E166099C271C9F4E0077DF6E /* Assets.xcassets in Resources */,
				E10AA405271DB7FF0096B032 /* LoginViewController.storyboard in Resources */,
				E10AA3F7271DB33D0096B032 /* Roboto-Thin.ttf in Resources */,
				E10AA3F6271DB33D0096B032 /* Roboto-Black.ttf in Resources */,
				E11FAAC62757762C0075F74D /* ProfileDetailViewController.storyboard in Resources */,
			);
			runOnlyForDeploymentPostprocessing = 0;
		};
		E1BCA2EC275E3C4000FC67D5 /* Resources */ = {
			isa = PBXResourcesBuildPhase;
			buildActionMask = 2147483647;
			files = (
			);
			runOnlyForDeploymentPostprocessing = 0;
		};
/* End PBXResourcesBuildPhase section */

/* Begin PBXShellScriptBuildPhase section */
		0F0E9F537EE4FAE6E4AF4031 /* [CP] Check Pods Manifest.lock */ = {
			isa = PBXShellScriptBuildPhase;
			buildActionMask = 2147483647;
			files = (
			);
			inputFileListPaths = (
			);
			inputPaths = (
				"${PODS_PODFILE_DIR_PATH}/Podfile.lock",
				"${PODS_ROOT}/Manifest.lock",
			);
			name = "[CP] Check Pods Manifest.lock";
			outputFileListPaths = (
			);
			outputPaths = (
				"$(DERIVED_FILE_DIR)/Pods-GoFitApp-checkManifestLockResult.txt",
			);
			runOnlyForDeploymentPostprocessing = 0;
			shellPath = /bin/sh;
			shellScript = "diff \"${PODS_PODFILE_DIR_PATH}/Podfile.lock\" \"${PODS_ROOT}/Manifest.lock\" > /dev/null\nif [ $? != 0 ] ; then\n    # print error to STDERR\n    echo \"error: The sandbox is not in sync with the Podfile.lock. Run 'pod install' or update your CocoaPods installation.\" >&2\n    exit 1\nfi\n# This output is used by Xcode 'outputs' to avoid re-running this script phase.\necho \"SUCCESS\" > \"${SCRIPT_OUTPUT_FILE_0}\"\n";
			showEnvVarsInLog = 0;
		};
		1BB529385384BEB7E3602FDF /* [CP] Embed Pods Frameworks */ = {
			isa = PBXShellScriptBuildPhase;
			buildActionMask = 2147483647;
			files = (
			);
			inputFileListPaths = (
				"${PODS_ROOT}/Target Support Files/Pods-GoFitApp/Pods-GoFitApp-frameworks-${CONFIGURATION}-input-files.xcfilelist",
			);
			name = "[CP] Embed Pods Frameworks";
			outputFileListPaths = (
				"${PODS_ROOT}/Target Support Files/Pods-GoFitApp/Pods-GoFitApp-frameworks-${CONFIGURATION}-output-files.xcfilelist",
			);
			runOnlyForDeploymentPostprocessing = 0;
			shellPath = /bin/sh;
			shellScript = "\"${PODS_ROOT}/Target Support Files/Pods-GoFitApp/Pods-GoFitApp-frameworks.sh\"\n";
			showEnvVarsInLog = 0;
		};
/* End PBXShellScriptBuildPhase section */

/* Begin PBXSourcesBuildPhase section */
		E10E45E7275EBAC80073F2A6 /* Sources */ = {
			isa = PBXSourcesBuildPhase;
			buildActionMask = 2147483647;
			files = (
				E10E45EE275EBAC90073F2A6 /* SignUpFlowUITests.swift in Sources */,
				E1FC4754275FF0B800DC9479 /* HomeFlowUITests.swift in Sources */,
				E1FC4752275FEE7000DC9479 /* LoginFlowUITests.swift in Sources */,
			);
			runOnlyForDeploymentPostprocessing = 0;
		};
		E1660988271C9F4B0077DF6E /* Sources */ = {
			isa = PBXSourcesBuildPhase;
			buildActionMask = 2147483647;
			files = (
				E1660990271C9F4B0077DF6E /* AppDelegate.swift in Sources */,
				E13B447C27206DBF0062C44B /* DashboardCoordinator.swift in Sources */,
				E19ABA1D2753C3D1004E6FDC /* SportResource.swift in Sources */,
				E19ABA232753C822004E6FDC /* SportTableViewCell.swift in Sources */,
				E14FBA19274FB6F6002CB035 /* UITextField+Extensions.swift in Sources */,
				E19ABA212753C7AE004E6FDC /* FavouriteSportsViewController+TableView.swift in Sources */,
				E13B447B27206DBF0062C44B /* DashboardViewModel.swift in Sources */,
				E19ABA192753C2FE004E6FDC /* FavouriteSportsViewModel.swift in Sources */,
				E1CB6088275793D500E4F39D /* FavouriteSportsDetailCoordinator.swift in Sources */,
				E13B446227206D290062C44B /* SetActiveMinutesViewModel.swift in Sources */,
				E11FAAC72757762C0075F74D /* ProfileDetailViewModel.swift in Sources */,
				E1CFFD5C27521EA500794BAC /* Gender.swift in Sources */,
				E1EBC13A271DC27B009E9939 /* RegistrationViewModel.swift in Sources */,
				E1EBC13C271DC28D009E9939 /* RegistrationViewController.swift in Sources */,
				E12E6BA9274FC5D7009B211C /* AlertManager.swift in Sources */,
				E17751372755402100C9917F /* UserDataResource.swift in Sources */,
				E13B449C27206DE30062C44B /* ProfileViewModel.swift in Sources */,
				E162218C275B9A1F00A7A46D /* SignUpRequestModel.swift in Sources */,
				E1EBC145271DCEC1009E9939 /* DetailsViewController.swift in Sources */,
				E16609C2271CA7870077DF6E /* PrimaryButton.swift in Sources */,
				E13B449927206DE30062C44B /* ProfileCoordinator.swift in Sources */,
				E10AA3FF271DB7DF0096B032 /* LoginCoordinator.swift in Sources */,
				E1CB6089275793D500E4F39D /* FavouriteSportsDetailViewModel.swift in Sources */,
				E17751352755326D00C9917F /* LoginManager.swift in Sources */,
				E1E5108D274C04F700C9C266 /* UserDefaultsManager.swift in Sources */,
				E134E93127523D4F00453781 /* BioDataResource.swift in Sources */,
				E1E51085274C00D900C9C266 /* NetworkManager+Requests.swift in Sources */,
				E134E93627525BD900453781 /* CoreDataManager.swift in Sources */,
				E112B643271FEFBE00A3BB8F /* UIView+Extensions.swift in Sources */,
				E13B449F27206E6C0062C44B /* TabBarCoordinator.swift in Sources */,
				E13B44A1272094950062C44B /* BaseViewController.swift in Sources */,
				E16609BD271CA2850077DF6E /* UIViewController+Extensions.swift in Sources */,
				E13B448027206DBF0062C44B /* ActivityViewModel.swift in Sources */,
				E19ABA182753C2FE004E6FDC /* FavouriteSportsCoordinator.swift in Sources */,
				E16609B1271C9FE70077DF6E /* HomeViewModel.swift in Sources */,
				E16609AB271C9FBE0077DF6E /* HomeCoordinator.swift in Sources */,
				E1E41E9E274BF5D9006674E7 /* Assets.swift in Sources */,
				E14FBA1B274FB81A002CB035 /* Helpers.swift in Sources */,
				E127A7DE2751342300D03DB1 /* DetailsViewController+Picker.swift in Sources */,
				E1E41E9F274BF5D9006674E7 /* Fonts.swift in Sources */,
				E1E5108F274C053E00C9C266 /* Constants.swift in Sources */,
				E1E51089274C020B00C9C266 /* NetworkManager+Interceptor.swift in Sources */,
				E1E51087274C014E00C9C266 /* ServerError.swift in Sources */,
				E16609B4271CA0230077DF6E /* AppCoordinator.swift in Sources */,
				E1EBC141271DCE68009E9939 /* DetailsCoordinator.swift in Sources */,
				E1515879275380D20045CBCB /* Optional+Extensions.swift in Sources */,
				E12E6BA7274FC10A009B211C /* UserResource.swift in Sources */,
				E10AA3FD271DB42C0096B032 /* SecondaryButton.swift in Sources */,
				E13B447E27206DBF0062C44B /* ActivityViewController.swift in Sources */,
				E1E51083274BFFEA00C9C266 /* NetworkManager.swift in Sources */,
				E12E6BAB274FC872009B211C /* RegistrationManager.swift in Sources */,
				E11FAAC52757762C0075F74D /* ProfileDetailViewController.swift in Sources */,
				E177513127552A1400C9917F /* ProfileViewController+TableView.swift in Sources */,
				E12E6BAD274FCBD4009B211C /* NetworkManager+CookieStorage.swift in Sources */,
				E13B446527206D290062C44B /* SetActiveMinutesViewController.swift in Sources */,
				E11FAABC275771900075F74D /* FirstBioDataResource.swift in Sources */,
				E13B447A27206DBF0062C44B /* DashboardViewController.swift in Sources */,
				E1CB6087275793D500E4F39D /* FavouriteSportsDetailViewController.swift in Sources */,
				E171B3172754107D00DC0BD3 /* UserSportsResource.swift in Sources */,
				E1E51080274BFE5300C9C266 /* Endpoint.swift in Sources */,
				E1EBC143271DCEAB009E9939 /* DetailsViewModel.swift in Sources */,
				E19ABA252753C891004E6FDC /* SportCellViewModel.swift in Sources */,
				E1065D96271F29FE002C575E /* UINavigationController+Extensions.swift in Sources */,
				E11FAAC42757762C0075F74D /* ProfileDetailCoordinator.swift in Sources */,
				E19ABA1F2753C608004E6FDC /* BaseTableViewController.swift in Sources */,
				E10AA401271DB7E80096B032 /* LoginViewModel.swift in Sources */,
				E1EBC138271DC225009E9939 /* RegistrationCoordinator.swift in Sources */,
				E16609BA271CA0A90077DF6E /* DependencyContainer.swift in Sources */,
				E16609BF271CA39D0077DF6E /* ViewModelProtocol.swift in Sources */,
				E10AA403271DB7F30096B032 /* LoginViewController.swift in Sources */,
				E166099A271C9F4B0077DF6E /* GoFitApp.xcdatamodeld in Sources */,
				E19ABA1B2753C2FE004E6FDC /* FavouriteSportsViewController.swift in Sources */,
				E16609AF271C9FDD0077DF6E /* HomeViewController.swift in Sources */,
				E1622190275B9C6F00A7A46D /* String+Extensions.swift in Sources */,
				E1DF2E24274ECB6000741038 /* LoadingView.swift in Sources */,
				E13B449B27206DE30062C44B /* ProfileViewController.swift in Sources */,
				E16609B7271CA0580077DF6E /* Coordinator.swift in Sources */,
				E177513327552B7100C9917F /* LogoutManager.swift in Sources */,
				E134E93827525E9900453781 /* UserManager.swift in Sources */,
				E13B446427206D290062C44B /* SetActiveMinutesCoordinator.swift in Sources */,
				E10E45D7275E7CC30073F2A6 /* NetworkProtocol.swift in Sources */,
				E17058BE2736DDF700A530A8 /* DashboardViewController+TableDelegate.swift in Sources */,
				E13B448127206DBF0062C44B /* ActivityCoordinator.swift in Sources */,
				E1E51091274C066200C9C266 /* CredentialsManager.swift in Sources */,
			);
			runOnlyForDeploymentPostprocessing = 0;
		};
		E1BCA2EA275E3C4000FC67D5 /* Sources */ = {
			isa = PBXSourcesBuildPhase;
			buildActionMask = 2147483647;
			files = (
				E1BCA2FC275E3C7C00FC67D5 /* ValidatorsTests.swift in Sources */,
				E1BCA2FB275E3C7C00FC67D5 /* SignUpRequestModelTests.swift in Sources */,
				E10E45DD275E896A0073F2A6 /* RegistrationControllerTests.swift in Sources */,
				E10E45E6275EB8240073F2A6 /* HomeViewControllerTests.swift in Sources */,
				E10E45E0275E99BF0073F2A6 /* LoginViewControllerTests.swift in Sources */,
				E1BCA2FE275E3C7C00FC67D5 /* HelpersTests.swift in Sources */,
				E10E45E2275E9D6B0073F2A6 /* DetailViewControllerTests.swift in Sources */,
				E10E45E4275EB28A0073F2A6 /* ActiveMinutesViewControllerTests.swift in Sources */,
			);
			runOnlyForDeploymentPostprocessing = 0;
		};
/* End PBXSourcesBuildPhase section */

/* Begin PBXTargetDependency section */
		E10E45F2275EBAC90073F2A6 /* PBXTargetDependency */ = {
			isa = PBXTargetDependency;
			target = E166098B271C9F4B0077DF6E /* GoFitApp */;
			targetProxy = E10E45F1275EBAC90073F2A6 /* PBXContainerItemProxy */;
		};
		E1BCA2F3275E3C4000FC67D5 /* PBXTargetDependency */ = {
			isa = PBXTargetDependency;
			target = E166098B271C9F4B0077DF6E /* GoFitApp */;
			targetProxy = E1BCA2F2275E3C4000FC67D5 /* PBXContainerItemProxy */;
		};
/* End PBXTargetDependency section */

/* Begin PBXVariantGroup section */
		E166099D271C9F4E0077DF6E /* LaunchScreen.storyboard */ = {
			isa = PBXVariantGroup;
			children = (
				E166099E271C9F4E0077DF6E /* Base */,
			);
			name = LaunchScreen.storyboard;
			sourceTree = "<group>";
		};
/* End PBXVariantGroup section */

/* Begin XCBuildConfiguration section */
		E10E45F4275EBAC90073F2A6 /* Debug */ = {
			isa = XCBuildConfiguration;
			buildSettings = {
				CODE_SIGN_STYLE = Automatic;
				CURRENT_PROJECT_VERSION = 1;
				DEVELOPMENT_TEAM = 8Z38328C5Z;
				GENERATE_INFOPLIST_FILE = YES;
				LD_RUNPATH_SEARCH_PATHS = (
					"$(inherited)",
					"@executable_path/Frameworks",
					"@loader_path/Frameworks",
				);
				MARKETING_VERSION = 1.0;
				PRODUCT_BUNDLE_IDENTIFIER = sk.hlavatik.GoFitAppUITests;
				PRODUCT_NAME = "$(TARGET_NAME)";
				SWIFT_EMIT_LOC_STRINGS = NO;
				SWIFT_VERSION = 5.0;
				TARGETED_DEVICE_FAMILY = "1,2";
				TEST_TARGET_NAME = GoFitApp;
			};
			name = Debug;
		};
		E10E45F5275EBAC90073F2A6 /* Release */ = {
			isa = XCBuildConfiguration;
			buildSettings = {
				CODE_SIGN_STYLE = Automatic;
				CURRENT_PROJECT_VERSION = 1;
				DEVELOPMENT_TEAM = 8Z38328C5Z;
				GENERATE_INFOPLIST_FILE = YES;
				LD_RUNPATH_SEARCH_PATHS = (
					"$(inherited)",
					"@executable_path/Frameworks",
					"@loader_path/Frameworks",
				);
				MARKETING_VERSION = 1.0;
				PRODUCT_BUNDLE_IDENTIFIER = sk.hlavatik.GoFitAppUITests;
				PRODUCT_NAME = "$(TARGET_NAME)";
				SWIFT_EMIT_LOC_STRINGS = NO;
				SWIFT_VERSION = 5.0;
				TARGETED_DEVICE_FAMILY = "1,2";
				TEST_TARGET_NAME = GoFitApp;
			};
			name = Release;
		};
		E16609A1271C9F4E0077DF6E /* Debug */ = {
			isa = XCBuildConfiguration;
			buildSettings = {
				ALWAYS_SEARCH_USER_PATHS = NO;
				CLANG_ANALYZER_NONNULL = YES;
				CLANG_ANALYZER_NUMBER_OBJECT_CONVERSION = YES_AGGRESSIVE;
				CLANG_CXX_LANGUAGE_STANDARD = "gnu++17";
				CLANG_CXX_LIBRARY = "libc++";
				CLANG_ENABLE_MODULES = YES;
				CLANG_ENABLE_OBJC_ARC = YES;
				CLANG_ENABLE_OBJC_WEAK = YES;
				CLANG_WARN_BLOCK_CAPTURE_AUTORELEASING = YES;
				CLANG_WARN_BOOL_CONVERSION = YES;
				CLANG_WARN_COMMA = YES;
				CLANG_WARN_CONSTANT_CONVERSION = YES;
				CLANG_WARN_DEPRECATED_OBJC_IMPLEMENTATIONS = YES;
				CLANG_WARN_DIRECT_OBJC_ISA_USAGE = YES_ERROR;
				CLANG_WARN_DOCUMENTATION_COMMENTS = YES;
				CLANG_WARN_EMPTY_BODY = YES;
				CLANG_WARN_ENUM_CONVERSION = YES;
				CLANG_WARN_INFINITE_RECURSION = YES;
				CLANG_WARN_INT_CONVERSION = YES;
				CLANG_WARN_NON_LITERAL_NULL_CONVERSION = YES;
				CLANG_WARN_OBJC_IMPLICIT_RETAIN_SELF = YES;
				CLANG_WARN_OBJC_LITERAL_CONVERSION = YES;
				CLANG_WARN_OBJC_ROOT_CLASS = YES_ERROR;
				CLANG_WARN_QUOTED_INCLUDE_IN_FRAMEWORK_HEADER = YES;
				CLANG_WARN_RANGE_LOOP_ANALYSIS = YES;
				CLANG_WARN_STRICT_PROTOTYPES = YES;
				CLANG_WARN_SUSPICIOUS_MOVE = YES;
				CLANG_WARN_UNGUARDED_AVAILABILITY = YES_AGGRESSIVE;
				CLANG_WARN_UNREACHABLE_CODE = YES;
				CLANG_WARN__DUPLICATE_METHOD_MATCH = YES;
				COPY_PHASE_STRIP = NO;
				DEBUG_INFORMATION_FORMAT = dwarf;
				ENABLE_STRICT_OBJC_MSGSEND = YES;
				ENABLE_TESTABILITY = YES;
				GCC_C_LANGUAGE_STANDARD = gnu11;
				GCC_DYNAMIC_NO_PIC = NO;
				GCC_NO_COMMON_BLOCKS = YES;
				GCC_OPTIMIZATION_LEVEL = 0;
				GCC_PREPROCESSOR_DEFINITIONS = (
					"DEBUG=1",
					"$(inherited)",
				);
				GCC_WARN_64_TO_32_BIT_CONVERSION = YES;
				GCC_WARN_ABOUT_RETURN_TYPE = YES_ERROR;
				GCC_WARN_UNDECLARED_SELECTOR = YES;
				GCC_WARN_UNINITIALIZED_AUTOS = YES_AGGRESSIVE;
				GCC_WARN_UNUSED_FUNCTION = YES;
				GCC_WARN_UNUSED_VARIABLE = YES;
				IPHONEOS_DEPLOYMENT_TARGET = 15.0;
				MTL_ENABLE_DEBUG_INFO = INCLUDE_SOURCE;
				MTL_FAST_MATH = YES;
				ONLY_ACTIVE_ARCH = YES;
				SDKROOT = iphoneos;
				SWIFT_ACTIVE_COMPILATION_CONDITIONS = DEBUG;
				SWIFT_OPTIMIZATION_LEVEL = "-Onone";
			};
			name = Debug;
		};
		E16609A2271C9F4E0077DF6E /* Release */ = {
			isa = XCBuildConfiguration;
			buildSettings = {
				ALWAYS_SEARCH_USER_PATHS = NO;
				CLANG_ANALYZER_NONNULL = YES;
				CLANG_ANALYZER_NUMBER_OBJECT_CONVERSION = YES_AGGRESSIVE;
				CLANG_CXX_LANGUAGE_STANDARD = "gnu++17";
				CLANG_CXX_LIBRARY = "libc++";
				CLANG_ENABLE_MODULES = YES;
				CLANG_ENABLE_OBJC_ARC = YES;
				CLANG_ENABLE_OBJC_WEAK = YES;
				CLANG_WARN_BLOCK_CAPTURE_AUTORELEASING = YES;
				CLANG_WARN_BOOL_CONVERSION = YES;
				CLANG_WARN_COMMA = YES;
				CLANG_WARN_CONSTANT_CONVERSION = YES;
				CLANG_WARN_DEPRECATED_OBJC_IMPLEMENTATIONS = YES;
				CLANG_WARN_DIRECT_OBJC_ISA_USAGE = YES_ERROR;
				CLANG_WARN_DOCUMENTATION_COMMENTS = YES;
				CLANG_WARN_EMPTY_BODY = YES;
				CLANG_WARN_ENUM_CONVERSION = YES;
				CLANG_WARN_INFINITE_RECURSION = YES;
				CLANG_WARN_INT_CONVERSION = YES;
				CLANG_WARN_NON_LITERAL_NULL_CONVERSION = YES;
				CLANG_WARN_OBJC_IMPLICIT_RETAIN_SELF = YES;
				CLANG_WARN_OBJC_LITERAL_CONVERSION = YES;
				CLANG_WARN_OBJC_ROOT_CLASS = YES_ERROR;
				CLANG_WARN_QUOTED_INCLUDE_IN_FRAMEWORK_HEADER = YES;
				CLANG_WARN_RANGE_LOOP_ANALYSIS = YES;
				CLANG_WARN_STRICT_PROTOTYPES = YES;
				CLANG_WARN_SUSPICIOUS_MOVE = YES;
				CLANG_WARN_UNGUARDED_AVAILABILITY = YES_AGGRESSIVE;
				CLANG_WARN_UNREACHABLE_CODE = YES;
				CLANG_WARN__DUPLICATE_METHOD_MATCH = YES;
				COPY_PHASE_STRIP = NO;
				DEBUG_INFORMATION_FORMAT = "dwarf-with-dsym";
				ENABLE_NS_ASSERTIONS = NO;
				ENABLE_STRICT_OBJC_MSGSEND = YES;
				GCC_C_LANGUAGE_STANDARD = gnu11;
				GCC_NO_COMMON_BLOCKS = YES;
				GCC_WARN_64_TO_32_BIT_CONVERSION = YES;
				GCC_WARN_ABOUT_RETURN_TYPE = YES_ERROR;
				GCC_WARN_UNDECLARED_SELECTOR = YES;
				GCC_WARN_UNINITIALIZED_AUTOS = YES_AGGRESSIVE;
				GCC_WARN_UNUSED_FUNCTION = YES;
				GCC_WARN_UNUSED_VARIABLE = YES;
				IPHONEOS_DEPLOYMENT_TARGET = 15.0;
				MTL_ENABLE_DEBUG_INFO = NO;
				MTL_FAST_MATH = YES;
				SDKROOT = iphoneos;
				SWIFT_COMPILATION_MODE = wholemodule;
				SWIFT_OPTIMIZATION_LEVEL = "-O";
				VALIDATE_PRODUCT = YES;
			};
			name = Release;
		};
		E16609A4271C9F4E0077DF6E /* Debug */ = {
			isa = XCBuildConfiguration;
			baseConfigurationReference = F2B419583325E29242541084 /* Pods-GoFitApp.debug.xcconfig */;
			buildSettings = {
				ASSETCATALOG_COMPILER_APPICON_NAME = AppIcon;
				ASSETCATALOG_COMPILER_GLOBAL_ACCENT_COLOR_NAME = AccentColor;
				CODE_SIGN_ENTITLEMENTS = GoFitApp/GoFitApp.entitlements;
				CODE_SIGN_STYLE = Automatic;
				CURRENT_PROJECT_VERSION = 1;
				DEVELOPMENT_TEAM = 8Z38328C5Z;
				GENERATE_INFOPLIST_FILE = YES;
				INFOPLIST_FILE = GoFitApp/Info.plist;
				INFOPLIST_KEY_CFBundleDisplayName = "Move up!";
				INFOPLIST_KEY_NSCalendarsUsageDescription = "Access needed for better recommendations";
				INFOPLIST_KEY_NSHealthClinicalHealthRecordsShareUsageDescription = "Access needed for better recommendations";
				INFOPLIST_KEY_NSHealthUpdateUsageDescription = "Access needed for better recommendations";
				INFOPLIST_KEY_NSLocationWhenInUseUsageDescription = "Access needed for better recommendations";
				INFOPLIST_KEY_UIApplicationSupportsIndirectInputEvents = YES;
				INFOPLIST_KEY_UILaunchStoryboardName = LaunchScreen;
				INFOPLIST_KEY_UISupportedInterfaceOrientations = UIInterfaceOrientationPortrait;
				INFOPLIST_KEY_UISupportedInterfaceOrientations_iPad = UIInterfaceOrientationPortrait;
				INFOPLIST_KEY_UISupportedInterfaceOrientations_iPhone = UIInterfaceOrientationPortrait;
				LD_RUNPATH_SEARCH_PATHS = (
					"$(inherited)",
					"@executable_path/Frameworks",
				);
				MARKETING_VERSION = 1.0;
				PRODUCT_BUNDLE_IDENTIFIER = sk.hlavatik.GoFitApp;
				PRODUCT_NAME = "$(TARGET_NAME)";
				SWIFT_EMIT_LOC_STRINGS = YES;
				SWIFT_VERSION = 5.0;
				TARGETED_DEVICE_FAMILY = 1;
			};
			name = Debug;
		};
		E16609A5271C9F4E0077DF6E /* Release */ = {
			isa = XCBuildConfiguration;
			baseConfigurationReference = 144C70A0EB50EE4838C57F0C /* Pods-GoFitApp.release.xcconfig */;
			buildSettings = {
				ASSETCATALOG_COMPILER_APPICON_NAME = AppIcon;
				ASSETCATALOG_COMPILER_GLOBAL_ACCENT_COLOR_NAME = AccentColor;
				CODE_SIGN_ENTITLEMENTS = GoFitApp/GoFitApp.entitlements;
				CODE_SIGN_STYLE = Automatic;
				CURRENT_PROJECT_VERSION = 1;
				DEVELOPMENT_TEAM = 8Z38328C5Z;
				GENERATE_INFOPLIST_FILE = YES;
				INFOPLIST_FILE = GoFitApp/Info.plist;
				INFOPLIST_KEY_CFBundleDisplayName = "Move up!";
				INFOPLIST_KEY_NSCalendarsUsageDescription = "Access needed for better recommendations";
				INFOPLIST_KEY_NSHealthClinicalHealthRecordsShareUsageDescription = "Access needed for better recommendations";
				INFOPLIST_KEY_NSHealthUpdateUsageDescription = "Access needed for better recommendations";
				INFOPLIST_KEY_NSLocationWhenInUseUsageDescription = "Access needed for better recommendations";
				INFOPLIST_KEY_UIApplicationSupportsIndirectInputEvents = YES;
				INFOPLIST_KEY_UILaunchStoryboardName = LaunchScreen;
				INFOPLIST_KEY_UISupportedInterfaceOrientations = UIInterfaceOrientationPortrait;
				INFOPLIST_KEY_UISupportedInterfaceOrientations_iPad = UIInterfaceOrientationPortrait;
				INFOPLIST_KEY_UISupportedInterfaceOrientations_iPhone = UIInterfaceOrientationPortrait;
				LD_RUNPATH_SEARCH_PATHS = (
					"$(inherited)",
					"@executable_path/Frameworks",
				);
				MARKETING_VERSION = 1.0;
				PRODUCT_BUNDLE_IDENTIFIER = sk.hlavatik.GoFitApp;
				PRODUCT_NAME = "$(TARGET_NAME)";
				SWIFT_EMIT_LOC_STRINGS = YES;
				SWIFT_VERSION = 5.0;
				TARGETED_DEVICE_FAMILY = 1;
			};
			name = Release;
		};
		E1BCA2F4275E3C4000FC67D5 /* Debug */ = {
			isa = XCBuildConfiguration;
			buildSettings = {
				BUNDLE_LOADER = "$(TEST_HOST)";
				CLANG_ENABLE_MODULES = YES;
				CODE_SIGN_STYLE = Automatic;
				CURRENT_PROJECT_VERSION = 1;
				DEVELOPMENT_TEAM = 8Z38328C5Z;
				GENERATE_INFOPLIST_FILE = YES;
				LD_RUNPATH_SEARCH_PATHS = (
					"$(inherited)",
					"@executable_path/Frameworks",
					"@loader_path/Frameworks",
				);
				MARKETING_VERSION = 1.0;
				PRODUCT_BUNDLE_IDENTIFIER = sk.hlavatik.GoFitAppTests;
				PRODUCT_NAME = "$(TARGET_NAME)";
				SWIFT_EMIT_LOC_STRINGS = NO;
				SWIFT_OPTIMIZATION_LEVEL = "-Onone";
				SWIFT_VERSION = 5.0;
				TARGETED_DEVICE_FAMILY = "1,2";
				TEST_HOST = "$(BUILT_PRODUCTS_DIR)/GoFitApp.app/GoFitApp";
			};
			name = Debug;
		};
		E1BCA2F5275E3C4000FC67D5 /* Release */ = {
			isa = XCBuildConfiguration;
			buildSettings = {
				BUNDLE_LOADER = "$(TEST_HOST)";
				CLANG_ENABLE_MODULES = YES;
				CODE_SIGN_STYLE = Automatic;
				CURRENT_PROJECT_VERSION = 1;
				DEVELOPMENT_TEAM = 8Z38328C5Z;
				GENERATE_INFOPLIST_FILE = YES;
				LD_RUNPATH_SEARCH_PATHS = (
					"$(inherited)",
					"@executable_path/Frameworks",
					"@loader_path/Frameworks",
				);
				MARKETING_VERSION = 1.0;
				PRODUCT_BUNDLE_IDENTIFIER = sk.hlavatik.GoFitAppTests;
				PRODUCT_NAME = "$(TARGET_NAME)";
				SWIFT_EMIT_LOC_STRINGS = NO;
				SWIFT_VERSION = 5.0;
				TARGETED_DEVICE_FAMILY = "1,2";
				TEST_HOST = "$(BUILT_PRODUCTS_DIR)/GoFitApp.app/GoFitApp";
			};
			name = Release;
		};
/* End XCBuildConfiguration section */

/* Begin XCConfigurationList section */
		E10E45F3275EBAC90073F2A6 /* Build configuration list for PBXNativeTarget "GoFitAppUITests" */ = {
			isa = XCConfigurationList;
			buildConfigurations = (
				E10E45F4275EBAC90073F2A6 /* Debug */,
				E10E45F5275EBAC90073F2A6 /* Release */,
			);
			defaultConfigurationIsVisible = 0;
			defaultConfigurationName = Release;
		};
		E1660987271C9F4B0077DF6E /* Build configuration list for PBXProject "GoFitApp" */ = {
			isa = XCConfigurationList;
			buildConfigurations = (
				E16609A1271C9F4E0077DF6E /* Debug */,
				E16609A2271C9F4E0077DF6E /* Release */,
			);
			defaultConfigurationIsVisible = 0;
			defaultConfigurationName = Release;
		};
		E16609A3271C9F4E0077DF6E /* Build configuration list for PBXNativeTarget "GoFitApp" */ = {
			isa = XCConfigurationList;
			buildConfigurations = (
				E16609A4271C9F4E0077DF6E /* Debug */,
				E16609A5271C9F4E0077DF6E /* Release */,
			);
			defaultConfigurationIsVisible = 0;
			defaultConfigurationName = Release;
		};
		E1BCA2F6275E3C4000FC67D5 /* Build configuration list for PBXNativeTarget "GoFitAppTests" */ = {
			isa = XCConfigurationList;
			buildConfigurations = (
				E1BCA2F4275E3C4000FC67D5 /* Debug */,
				E1BCA2F5275E3C4000FC67D5 /* Release */,
			);
			defaultConfigurationIsVisible = 0;
			defaultConfigurationName = Release;
		};
/* End XCConfigurationList section */

/* Begin XCRemoteSwiftPackageReference section */
		E1E51096274C080400C9C266 /* XCRemoteSwiftPackageReference "GoodIOSExtensions" */ = {
			isa = XCRemoteSwiftPackageReference;
			repositoryURL = "https://github.com/GoodRequest/GoodIOSExtensions";
			requirement = {
				branch = master;
				kind = branch;
			};
		};
/* End XCRemoteSwiftPackageReference section */

/* Begin XCSwiftPackageProductDependency section */
		E1E51097274C080500C9C266 /* GoodCache */ = {
			isa = XCSwiftPackageProductDependency;
			package = E1E51096274C080400C9C266 /* XCRemoteSwiftPackageReference "GoodIOSExtensions" */;
			productName = GoodCache;
		};
/* End XCSwiftPackageProductDependency section */

/* Begin XCVersionGroup section */
		E1660998271C9F4B0077DF6E /* GoFitApp.xcdatamodeld */ = {
			isa = XCVersionGroup;
			children = (
				E1660999271C9F4B0077DF6E /* GoFitApp.xcdatamodel */,
			);
			currentVersion = E1660999271C9F4B0077DF6E /* GoFitApp.xcdatamodel */;
			path = GoFitApp.xcdatamodeld;
			sourceTree = "<group>";
			versionGroupType = wrapper.xcdatamodel;
		};
/* End XCVersionGroup section */
	};
	rootObject = E1660984271C9F4B0077DF6E /* Project object */;
}
